PODS:
  - AFNetworking (3.1.0):
    - AFNetworking/NSURLSession (= 3.1.0)
    - AFNetworking/Reachability (= 3.1.0)
    - AFNetworking/Security (= 3.1.0)
    - AFNetworking/Serialization (= 3.1.0)
    - AFNetworking/UIKit (= 3.1.0)
  - AFNetworking/NSURLSession (3.1.0):
    - AFNetworking/Reachability
    - AFNetworking/Security
    - AFNetworking/Serialization
  - AFNetworking/Reachability (3.1.0)
  - AFNetworking/Security (3.1.0)
  - AFNetworking/Serialization (3.1.0)
  - AFNetworking/UIKit (3.1.0):
    - AFNetworking/NSURLSession
  - DACircularProgress (2.3.1)
  - EaseUILite (3.3.2):
    - HyphenateLite (~> 3.3.2)
    - MJRefresh (~> 3.1.0)
    - MWPhotoBrowser (~> 2.1.1)
  - HappyDNS (0.3.10)
  - HyphenateLite (3.3.2)
  - Masonry (1.0.2)
  - MBProgressHUD (0.9.2)
  - MJRefresh (3.1.12)
  - MWPhotoBrowser (2.1.2):
    - DACircularProgress (~> 2.3)
    - MBProgressHUD (~> 0.9)
    - SDWebImage (!= 3.7.2, ~> 3.7)
  - Qiniu (7.1.5):
    - AFNetworking (~> 3)
    - HappyDNS (~> 0.3)
  - RATreeView (2.1.2)
  - ReactiveObjC (2.1.2)
  - Realm (2.8.0):
    - Realm/Headers (= 2.8.0)
  - Realm/Headers (2.8.0)
  - SDWebImage (3.8.2):
    - SDWebImage/Core (= 3.8.2)
  - SDWebImage/Core (3.8.2)
  - YYCategories (1.0.4):
    - YYCategories/no-arc (= 1.0.4)
  - YYCategories/no-arc (1.0.4)

DEPENDENCIES:
  - AFNetworking (~> 3.0)
  - EaseUILite (from `https://github.com/easemob/easeui-ios-hyphenate-cocoapods.git`)
  - HyphenateLite
  - Masonry (~> 1.0.0)
  - Qiniu (~> 7.1.5)
  - RATreeView (~> 2.1.2)
  - ReactiveObjC (~> 2.1.2)
  - Realm
  - YYCategories

EXTERNAL SOURCES:
  EaseUILite:
    :git: https://github.com/easemob/easeui-ios-hyphenate-cocoapods.git

CHECKOUT OPTIONS:
  EaseUILite:
    :commit: f6434ac775242a09ac30c36d8d946d09ccc022df
    :git: https://github.com/easemob/easeui-ios-hyphenate-cocoapods.git

SPEC CHECKSUMS:
  AFNetworking: 5e0e199f73d8626b11e79750991f5d173d1f8b67
  DACircularProgress: 4dd437c0fc3da5161cb289e07ac449493d41db71
  EaseUILite: b30865415dfea22b5453c6d7eb5c737f84e5ed84
  HappyDNS: 06a9fed2796663fd87626dbf02552933265bf059
  HyphenateLite: 54ffda162deec2cedf156185a707b86678ae914a
  Masonry: 7c429b56da9d4ee0bbb3ed77a5ea710d6a5df39e
  MBProgressHUD: 1569cf7ace17a8bac47aabfbb8580a49690386d1
  MJRefresh: b96cdb21c4aa75a7b07654311ab2f315c497e806
  MWPhotoBrowser: 5836d7aa041dc05a13de380c246826578adc5ea5
  Qiniu: 77a3dba411556a383d72d17e842345a9d4c83252
  RATreeView: 380cde0090cfde21dc6ac29137f49d3b768fdd28
  ReactiveObjC: 7b6782ae39f9ac0f57205c3b0c0b69b9dd7048c0
  Realm: 929243ad2b618b3232e70658bedc61110e7563f1
  SDWebImage: 098e97e6176540799c27e804c96653ee0833d13c
  YYCategories: 6bcd4314c6661a561410dce4a793379ebd306abd

PODFILE CHECKSUM: 2a10cd01b3db2912de3cf5bea2669047bcef80df

COCOAPODS: 1.2.1
