// !$*UTF8*$!
{
	archiveVersion = 1;
	classes = {
	};
	objectVersion = 46;
	objects = {

/* Begin PBXBuildFile section */
		00C302E51ABCBA2D00DB3ED1 /* libRCTActionSheet.a in Frameworks */ = {isa = PBXBuildFile; fileRef = 00C302AC1ABCB8CE00DB3ED1 /* libRCTActionSheet.a */; };
		00C302E71ABCBA2D00DB3ED1 /* libRCTGeolocation.a in Frameworks */ = {isa = PBXBuildFile; fileRef = 00C302BA1ABCB90400DB3ED1 /* libRCTGeolocation.a */; };
		00C302E81ABCBA2D00DB3ED1 /* libRCTImage.a in Frameworks */ = {isa = PBXBuildFile; fileRef = 00C302C01ABCB91800DB3ED1 /* libRCTImage.a */; };
		00C302E91ABCBA2D00DB3ED1 /* libRCTNetwork.a in Frameworks */ = {isa = PBXBuildFile; fileRef = 00C302DC1ABCB9D200DB3ED1 /* libRCTNetwork.a */; };
		00C302EA1ABCBA2D00DB3ED1 /* libRCTVibration.a in Frameworks */ = {isa = PBXBuildFile; fileRef = 00C302E41ABCB9EE00DB3ED1 /* libRCTVibration.a */; };
		133E29F31AD74F7200F7D852 /* libRCTLinking.a in Frameworks */ = {isa = PBXBuildFile; fileRef = 78C398B91ACF4ADC00677621 /* libRCTLinking.a */; };
		139105C61AF99C1200B5F7CC /* libRCTSettings.a in Frameworks */ = {isa = PBXBuildFile; fileRef = 139105C11AF99BAD00B5F7CC /* libRCTSettings.a */; };
		139FDEF61B0652A700C62182 /* libRCTWebSocket.a in Frameworks */ = {isa = PBXBuildFile; fileRef = 139FDEF41B06529B00C62182 /* libRCTWebSocket.a */; };
		13B07FBC1A68108700A75B9A /* AppDelegate.m in Sources */ = {isa = PBXBuildFile; fileRef = 13B07FB01A68108700A75B9A /* AppDelegate.m */; };
		13B07FC11A68108700A75B9A /* main.m in Sources */ = {isa = PBXBuildFile; fileRef = 13B07FB71A68108700A75B9A /* main.m */; };
		146834051AC3E58100842450 /* libReact.a in Frameworks */ = {isa = PBXBuildFile; fileRef = 146834041AC3E56700842450 /* libReact.a */; };
		2D02E4BC1E0B4A80006451C7 /* AppDelegate.m in Sources */ = {isa = PBXBuildFile; fileRef = 13B07FB01A68108700A75B9A /* AppDelegate.m */; };
		2D02E4BF1E0B4AB3006451C7 /* main.m in Sources */ = {isa = PBXBuildFile; fileRef = 13B07FB71A68108700A75B9A /* main.m */; };
		2D02E4C21E0B4AEC006451C7 /* libRCTAnimation.a in Frameworks */ = {isa = PBXBuildFile; fileRef = 5E9157351DD0AC6500FF2AA8 /* libRCTAnimation.a */; };
		2D02E4C31E0B4AEC006451C7 /* libRCTImage-tvOS.a in Frameworks */ = {isa = PBXBuildFile; fileRef = 3DAD3E841DF850E9000B6D8A /* libRCTImage-tvOS.a */; };
		2D02E4C41E0B4AEC006451C7 /* libRCTLinking-tvOS.a in Frameworks */ = {isa = PBXBuildFile; fileRef = 3DAD3E881DF850E9000B6D8A /* libRCTLinking-tvOS.a */; };
		2D02E4C51E0B4AEC006451C7 /* libRCTNetwork-tvOS.a in Frameworks */ = {isa = PBXBuildFile; fileRef = 3DAD3E8C1DF850E9000B6D8A /* libRCTNetwork-tvOS.a */; };
		2D02E4C61E0B4AEC006451C7 /* libRCTSettings-tvOS.a in Frameworks */ = {isa = PBXBuildFile; fileRef = 3DAD3E901DF850E9000B6D8A /* libRCTSettings-tvOS.a */; };
		2D02E4C71E0B4AEC006451C7 /* libRCTText-tvOS.a in Frameworks */ = {isa = PBXBuildFile; fileRef = 3DAD3E941DF850E9000B6D8A /* libRCTText-tvOS.a */; };
		2D02E4C81E0B4AEC006451C7 /* libRCTWebSocket-tvOS.a in Frameworks */ = {isa = PBXBuildFile; fileRef = 3DAD3E991DF850E9000B6D8A /* libRCTWebSocket-tvOS.a */; };
		2D02E4C91E0B4AEC006451C7 /* libReact.a in Frameworks */ = {isa = PBXBuildFile; fileRef = 3DAD3EA31DF850E9000B6D8A /* libReact.a */; };
		5E9157361DD0AC6A00FF2AA8 /* libRCTAnimation.a in Frameworks */ = {isa = PBXBuildFile; fileRef = 5E9157331DD0AC6500FF2AA8 /* libRCTAnimation.a */; };
		7E1B12A11EC1BBA20056370E /* UINavigationController+FDFullscreenPopGesture.m in Sources */ = {isa = PBXBuildFile; fileRef = 7E1B122F1EC1BBA20056370E /* UINavigationController+FDFullscreenPopGesture.m */; };
		7E1B12A21EC1BBA20056370E /* DateTools.bundle in Resources */ = {isa = PBXBuildFile; fileRef = 7E1B12311EC1BBA20056370E /* DateTools.bundle */; };
		7E1B12A31EC1BBA20056370E /* DTConstants.m in Sources */ = {isa = PBXBuildFile; fileRef = 7E1B12331EC1BBA20056370E /* DTConstants.m */; };
		7E1B12A41EC1BBA20056370E /* DTError.m in Sources */ = {isa = PBXBuildFile; fileRef = 7E1B12351EC1BBA20056370E /* DTError.m */; };
		7E1B12A51EC1BBA20056370E /* NSDate+DateTools.m in Sources */ = {isa = PBXBuildFile; fileRef = 7E1B12371EC1BBA20056370E /* NSDate+DateTools.m */; };
		7E1B12A61EC1BBA20056370E /* UIFloatLabelTextField.m in Sources */ = {isa = PBXBuildFile; fileRef = 7E1B123A1EC1BBA20056370E /* UIFloatLabelTextField.m */; };
		7E1B12A71EC1BBA20056370E /* Assets.xcassets in Resources */ = {isa = PBXBuildFile; fileRef = 7E1B123C1EC1BBA20056370E /* Assets.xcassets */; };
		7E1B12A81EC1BBA20056370E /* DLAddMemberController.m in Sources */ = {isa = PBXBuildFile; fileRef = 7E1B12401EC1BBA20056370E /* DLAddMemberController.m */; };
		7E1B12A91EC1BBA20056370E /* DLChatController.m in Sources */ = {isa = PBXBuildFile; fileRef = 7E1B12421EC1BBA20056370E /* DLChatController.m */; };
		7E1B12AA1EC1BBA20056370E /* DLChatDetailController.m in Sources */ = {isa = PBXBuildFile; fileRef = 7E1B12441EC1BBA20056370E /* DLChatDetailController.m */; };
		7E1B12AB1EC1BBA20056370E /* DLConversationListController.m in Sources */ = {isa = PBXBuildFile; fileRef = 7E1B12461EC1BBA20056370E /* DLConversationListController.m */; };
		7E1B12AC1EC1BBA20056370E /* DLSearchResultController.m in Sources */ = {isa = PBXBuildFile; fileRef = 7E1B12481EC1BBA20056370E /* DLSearchResultController.m */; };
		7E1B12AD1EC1BBA20056370E /* DLBaseSettingCell.m in Sources */ = {isa = PBXBuildFile; fileRef = 7E1B124B1EC1BBA20056370E /* DLBaseSettingCell.m */; };
		7E1B12AE1EC1BBA20056370E /* DLNetStatusView.m in Sources */ = {isa = PBXBuildFile; fileRef = 7E1B124D1EC1BBA20056370E /* DLNetStatusView.m */; };
		7E1B12AF1EC1BBA20056370E /* DLAddContactController.m in Sources */ = {isa = PBXBuildFile; fileRef = 7E1B12501EC1BBA20056370E /* DLAddContactController.m */; };
		7E1B12B01EC1BBA20056370E /* DLContactListController.m in Sources */ = {isa = PBXBuildFile; fileRef = 7E1B12521EC1BBA20056370E /* DLContactListController.m */; };
		7E1B12B11EC1BBA20056370E /* DLContactCell.m in Sources */ = {isa = PBXBuildFile; fileRef = 7E1B12551EC1BBA20056370E /* DLContactCell.m */; };
		7E1B12B21EC1BBA20056370E /* DLContactSectionHeader.m in Sources */ = {isa = PBXBuildFile; fileRef = 7E1B12571EC1BBA20056370E /* DLContactSectionHeader.m */; };
		7E1B12B31EC1BBA20056370E /* DLSelectContactCell.m in Sources */ = {isa = PBXBuildFile; fileRef = 7E1B12591EC1BBA20056370E /* DLSelectContactCell.m */; };
		7E1B12B41EC1BBA20056370E /* DLLoginController.m in Sources */ = {isa = PBXBuildFile; fileRef = 7E1B125C1EC1BBA20056370E /* DLLoginController.m */; };
		7E1B12B51EC1BBA20056370E /* DLRegisterController.m in Sources */ = {isa = PBXBuildFile; fileRef = 7E1B125E1EC1BBA20056370E /* DLRegisterController.m */; };
		7E1B12B61EC1BBA20056370E /* DLBridgeManager.m in Sources */ = {isa = PBXBuildFile; fileRef = 7E1B12611EC1BBA20056370E /* DLBridgeManager.m */; };
		7E1B12B71EC1BBA20056370E /* DLRNTestController.m in Sources */ = {isa = PBXBuildFile; fileRef = 7E1B12631EC1BBA20056370E /* DLRNTestController.m */; };
		7E1B12B81EC1BBA20056370E /* DLBaseViewController.m in Sources */ = {isa = PBXBuildFile; fileRef = 7E1B12661EC1BBA20056370E /* DLBaseViewController.m */; };
		7E1B12B91EC1BBA20056370E /* DLRootTabController.m in Sources */ = {isa = PBXBuildFile; fileRef = 7E1B12681EC1BBA20056370E /* DLRootTabController.m */; };
		7E1B12BA1EC1BBA20056370E /* DLMineController.m in Sources */ = {isa = PBXBuildFile; fileRef = 7E1B126B1EC1BBA20056370E /* DLMineController.m */; };
		7E1B12BB1EC1BBA20056370E /* DLLogoutCell.m in Sources */ = {isa = PBXBuildFile; fileRef = 7E1B126E1EC1BBA20056370E /* DLLogoutCell.m */; };
		7E1B12BD1EC1BBA20056370E /* DLConversationModel.m in Sources */ = {isa = PBXBuildFile; fileRef = 7E1B12771EC1BBA20056370E /* DLConversationModel.m */; };
		7E1B12BE1EC1BBA20056370E /* DLMessageModel.m in Sources */ = {isa = PBXBuildFile; fileRef = 7E1B12791EC1BBA20056370E /* DLMessageModel.m */; };
		7E1B12BF1EC1BBA20056370E /* DLSettingConfig.m in Sources */ = {isa = PBXBuildFile; fileRef = 7E1B127B1EC1BBA20056370E /* DLSettingConfig.m */; };
		7E1B12C01EC1BBA20056370E /* DLUser.m in Sources */ = {isa = PBXBuildFile; fileRef = 7E1B127D1EC1BBA20056370E /* DLUser.m */; };
		7E1B12C11EC1BBA20056370E /* NSUserDefaults+DLUser.m in Sources */ = {isa = PBXBuildFile; fileRef = 7E1B12851EC1BBA20056370E /* NSUserDefaults+DLUser.m */; };
		7E1B12C21EC1BBA20056370E /* MBProgressHUD+VBAdd.m in Sources */ = {isa = PBXBuildFile; fileRef = 7E1B12881EC1BBA20056370E /* MBProgressHUD+VBAdd.m */; };
		7E1B12C31EC1BBA20056370E /* UIBarButtonItem+DLAdd.m in Sources */ = {isa = PBXBuildFile; fileRef = 7E1B128A1EC1BBA20056370E /* UIBarButtonItem+DLAdd.m */; };
		7E1B12C41EC1BBA20056370E /* UIButton+Addition.m in Sources */ = {isa = PBXBuildFile; fileRef = 7E1B128C1EC1BBA20056370E /* UIButton+Addition.m */; };
		7E1B12C51EC1BBA20056370E /* UIColor+DLAdd.m in Sources */ = {isa = PBXBuildFile; fileRef = 7E1B128E1EC1BBA20056370E /* UIColor+DLAdd.m */; };
		7E1B12C61EC1BBA20056370E /* UIFont+Addition.m in Sources */ = {isa = PBXBuildFile; fileRef = 7E1B12901EC1BBA20056370E /* UIFont+Addition.m */; };
		7E1B12C71EC1BBA20056370E /* UIImage+Addition.m in Sources */ = {isa = PBXBuildFile; fileRef = 7E1B12921EC1BBA20056370E /* UIImage+Addition.m */; };
		7E1B12C81EC1BBA20056370E /* UILabel+Addition.m in Sources */ = {isa = PBXBuildFile; fileRef = 7E1B12941EC1BBA20056370E /* UILabel+Addition.m */; };
		7E1B12C91EC1BBA20056370E /* UITableView+Addition.m in Sources */ = {isa = PBXBuildFile; fileRef = 7E1B12961EC1BBA20056370E /* UITableView+Addition.m */; };
		7E1B12CA1EC1BBA20056370E /* UITableViewCell+Register.m in Sources */ = {isa = PBXBuildFile; fileRef = 7E1B12981EC1BBA20056370E /* UITableViewCell+Register.m */; };
		7E1B12CB1EC1BBA20056370E /* UITextField+Addition.m in Sources */ = {isa = PBXBuildFile; fileRef = 7E1B129A1EC1BBA20056370E /* UITextField+Addition.m */; };
		7E1B12CC1EC1BBA20056370E /* UIView+DLAdd.m in Sources */ = {isa = PBXBuildFile; fileRef = 7E1B129C1EC1BBA20056370E /* UIView+DLAdd.m */; };
		7E1B12CD1EC1BBA20056370E /* DLChatDataHelper.m in Sources */ = {isa = PBXBuildFile; fileRef = 7E1B12A01EC1BBA20056370E /* DLChatDataHelper.m */; };
		7E1B12F31EC1BD7D0056370E /* Launch Screen.storyboard in Resources */ = {isa = PBXBuildFile; fileRef = 7E1B12F21EC1BD7D0056370E /* Launch Screen.storyboard */; };
		7E1B13C71EC2BDC80056370E /* RMCompany.m in Sources */ = {isa = PBXBuildFile; fileRef = 7E1B13C61EC2BDC80056370E /* RMCompany.m */; };
		7E1B13CA1EC2BDFB0056370E /* RMDepartment.m in Sources */ = {isa = PBXBuildFile; fileRef = 7E1B13C91EC2BDFB0056370E /* RMDepartment.m */; };
		7E1B13CD1EC2BE310056370E /* RMStaff.m in Sources */ = {isa = PBXBuildFile; fileRef = 7E1B13CC1EC2BE310056370E /* RMStaff.m */; };
		7E1B14341EC54F4D0056370E /* DLNetworkService.m in Sources */ = {isa = PBXBuildFile; fileRef = 7E1B14331EC54F4D0056370E /* DLNetworkService.m */; };
		7E1B14381EC55AE50056370E /* BFNetworkActivityLogger.m in Sources */ = {isa = PBXBuildFile; fileRef = 7E1B14371EC55AE50056370E /* BFNetworkActivityLogger.m */; };
		7E1B143C1EC55BB30056370E /* DLContactManager.m in Sources */ = {isa = PBXBuildFile; fileRef = 7E1B143B1EC55BB30056370E /* DLContactManager.m */; };
		7E1B143F1EC5880C0056370E /* DLDBQueryHelper.m in Sources */ = {isa = PBXBuildFile; fileRef = 7E1B143E1EC5880C0056370E /* DLDBQueryHelper.m */; };
		7E1B14421EC58C750056370E /* NSArray+DLAdd.m in Sources */ = {isa = PBXBuildFile; fileRef = 7E1B14411EC58C750056370E /* NSArray+DLAdd.m */; };
		832341BD1AAA6AB300B99B32 /* libRCTText.a in Frameworks */ = {isa = PBXBuildFile; fileRef = 832341B51AAA6A8300B99B32 /* libRCTText.a */; };
		8BD7572398B278E4A2718D6F /* libPods-Dolores.a in Frameworks */ = {isa = PBXBuildFile; fileRef = 69CCC4BF606C5A555171D6CB /* libPods-Dolores.a */; };
/* End PBXBuildFile section */

/* Begin PBXContainerItemProxy section */
		00C302AB1ABCB8CE00DB3ED1 /* PBXContainerItemProxy */ = {
			isa = PBXContainerItemProxy;
			containerPortal = 00C302A71ABCB8CE00DB3ED1 /* RCTActionSheet.xcodeproj */;
			proxyType = 2;
			remoteGlobalIDString = 134814201AA4EA6300B7C361;
			remoteInfo = RCTActionSheet;
		};
		00C302B91ABCB90400DB3ED1 /* PBXContainerItemProxy */ = {
			isa = PBXContainerItemProxy;
			containerPortal = 00C302B51ABCB90400DB3ED1 /* RCTGeolocation.xcodeproj */;
			proxyType = 2;
			remoteGlobalIDString = 134814201AA4EA6300B7C361;
			remoteInfo = RCTGeolocation;
		};
		00C302BF1ABCB91800DB3ED1 /* PBXContainerItemProxy */ = {
			isa = PBXContainerItemProxy;
			containerPortal = 00C302BB1ABCB91800DB3ED1 /* RCTImage.xcodeproj */;
			proxyType = 2;
			remoteGlobalIDString = 58B5115D1A9E6B3D00147676;
			remoteInfo = RCTImage;
		};
		00C302DB1ABCB9D200DB3ED1 /* PBXContainerItemProxy */ = {
			isa = PBXContainerItemProxy;
			containerPortal = 00C302D31ABCB9D200DB3ED1 /* RCTNetwork.xcodeproj */;
			proxyType = 2;
			remoteGlobalIDString = 58B511DB1A9E6C8500147676;
			remoteInfo = RCTNetwork;
		};
		00C302E31ABCB9EE00DB3ED1 /* PBXContainerItemProxy */ = {
			isa = PBXContainerItemProxy;
			containerPortal = 00C302DF1ABCB9EE00DB3ED1 /* RCTVibration.xcodeproj */;
			proxyType = 2;
			remoteGlobalIDString = 832C81801AAF6DEF007FA2F7;
			remoteInfo = RCTVibration;
		};
		139105C01AF99BAD00B5F7CC /* PBXContainerItemProxy */ = {
			isa = PBXContainerItemProxy;
			containerPortal = 139105B61AF99BAD00B5F7CC /* RCTSettings.xcodeproj */;
			proxyType = 2;
			remoteGlobalIDString = 134814201AA4EA6300B7C361;
			remoteInfo = RCTSettings;
		};
		139FDEF31B06529B00C62182 /* PBXContainerItemProxy */ = {
			isa = PBXContainerItemProxy;
			containerPortal = 139FDEE61B06529A00C62182 /* RCTWebSocket.xcodeproj */;
			proxyType = 2;
			remoteGlobalIDString = 3C86DF461ADF2C930047B81A;
			remoteInfo = RCTWebSocket;
		};
		146834031AC3E56700842450 /* PBXContainerItemProxy */ = {
			isa = PBXContainerItemProxy;
			containerPortal = 146833FF1AC3E56700842450 /* React.xcodeproj */;
			proxyType = 2;
			remoteGlobalIDString = 83CBBA2E1A601D0E00E9B192;
			remoteInfo = React;
		};
		3DAD3E831DF850E9000B6D8A /* PBXContainerItemProxy */ = {
			isa = PBXContainerItemProxy;
			containerPortal = 00C302BB1ABCB91800DB3ED1 /* RCTImage.xcodeproj */;
			proxyType = 2;
			remoteGlobalIDString = 2D2A283A1D9B042B00D4039D;
			remoteInfo = "RCTImage-tvOS";
		};
		3DAD3E871DF850E9000B6D8A /* PBXContainerItemProxy */ = {
			isa = PBXContainerItemProxy;
			containerPortal = 78C398B01ACF4ADC00677621 /* RCTLinking.xcodeproj */;
			proxyType = 2;
			remoteGlobalIDString = 2D2A28471D9B043800D4039D;
			remoteInfo = "RCTLinking-tvOS";
		};
		3DAD3E8B1DF850E9000B6D8A /* PBXContainerItemProxy */ = {
			isa = PBXContainerItemProxy;
			containerPortal = 00C302D31ABCB9D200DB3ED1 /* RCTNetwork.xcodeproj */;
			proxyType = 2;
			remoteGlobalIDString = 2D2A28541D9B044C00D4039D;
			remoteInfo = "RCTNetwork-tvOS";
		};
		3DAD3E8F1DF850E9000B6D8A /* PBXContainerItemProxy */ = {
			isa = PBXContainerItemProxy;
			containerPortal = 139105B61AF99BAD00B5F7CC /* RCTSettings.xcodeproj */;
			proxyType = 2;
			remoteGlobalIDString = 2D2A28611D9B046600D4039D;
			remoteInfo = "RCTSettings-tvOS";
		};
		3DAD3E931DF850E9000B6D8A /* PBXContainerItemProxy */ = {
			isa = PBXContainerItemProxy;
			containerPortal = 832341B01AAA6A8300B99B32 /* RCTText.xcodeproj */;
			proxyType = 2;
			remoteGlobalIDString = 2D2A287B1D9B048500D4039D;
			remoteInfo = "RCTText-tvOS";
		};
		3DAD3E981DF850E9000B6D8A /* PBXContainerItemProxy */ = {
			isa = PBXContainerItemProxy;
			containerPortal = 139FDEE61B06529A00C62182 /* RCTWebSocket.xcodeproj */;
			proxyType = 2;
			remoteGlobalIDString = 2D2A28881D9B049200D4039D;
			remoteInfo = "RCTWebSocket-tvOS";
		};
		3DAD3EA21DF850E9000B6D8A /* PBXContainerItemProxy */ = {
			isa = PBXContainerItemProxy;
			containerPortal = 146833FF1AC3E56700842450 /* React.xcodeproj */;
			proxyType = 2;
			remoteGlobalIDString = 2D2A28131D9B038B00D4039D;
			remoteInfo = "React-tvOS";
		};
		3DAD3EA41DF850E9000B6D8A /* PBXContainerItemProxy */ = {
			isa = PBXContainerItemProxy;
			containerPortal = 146833FF1AC3E56700842450 /* React.xcodeproj */;
			proxyType = 2;
			remoteGlobalIDString = 3D3C059A1DE3340900C268FA;
			remoteInfo = yoga;
		};
		3DAD3EA61DF850E9000B6D8A /* PBXContainerItemProxy */ = {
			isa = PBXContainerItemProxy;
			containerPortal = 146833FF1AC3E56700842450 /* React.xcodeproj */;
			proxyType = 2;
			remoteGlobalIDString = 3D3C06751DE3340C00C268FA;
			remoteInfo = "yoga-tvOS";
		};
		3DAD3EA81DF850E9000B6D8A /* PBXContainerItemProxy */ = {
			isa = PBXContainerItemProxy;
			containerPortal = 146833FF1AC3E56700842450 /* React.xcodeproj */;
			proxyType = 2;
			remoteGlobalIDString = 3D3CD9251DE5FBEC00167DC4;
			remoteInfo = cxxreact;
		};
		3DAD3EAA1DF850E9000B6D8A /* PBXContainerItemProxy */ = {
			isa = PBXContainerItemProxy;
			containerPortal = 146833FF1AC3E56700842450 /* React.xcodeproj */;
			proxyType = 2;
			remoteGlobalIDString = 3D3CD9321DE5FBEE00167DC4;
			remoteInfo = "cxxreact-tvOS";
		};
		3DAD3EAC1DF850E9000B6D8A /* PBXContainerItemProxy */ = {
			isa = PBXContainerItemProxy;
			containerPortal = 146833FF1AC3E56700842450 /* React.xcodeproj */;
			proxyType = 2;
			remoteGlobalIDString = 3D3CD90B1DE5FBD600167DC4;
			remoteInfo = jschelpers;
		};
		3DAD3EAE1DF850E9000B6D8A /* PBXContainerItemProxy */ = {
			isa = PBXContainerItemProxy;
			containerPortal = 146833FF1AC3E56700842450 /* React.xcodeproj */;
			proxyType = 2;
			remoteGlobalIDString = 3D3CD9181DE5FBD800167DC4;
			remoteInfo = "jschelpers-tvOS";
		};
		5E9157321DD0AC6500FF2AA8 /* PBXContainerItemProxy */ = {
			isa = PBXContainerItemProxy;
			containerPortal = 5E91572D1DD0AC6500FF2AA8 /* RCTAnimation.xcodeproj */;
			proxyType = 2;
			remoteGlobalIDString = 134814201AA4EA6300B7C361;
			remoteInfo = RCTAnimation;
		};
		5E9157341DD0AC6500FF2AA8 /* PBXContainerItemProxy */ = {
			isa = PBXContainerItemProxy;
			containerPortal = 5E91572D1DD0AC6500FF2AA8 /* RCTAnimation.xcodeproj */;
			proxyType = 2;
			remoteGlobalIDString = 2D2A28201D9B03D100D4039D;
			remoteInfo = "RCTAnimation-tvOS";
		};
		78C398B81ACF4ADC00677621 /* PBXContainerItemProxy */ = {
			isa = PBXContainerItemProxy;
			containerPortal = 78C398B01ACF4ADC00677621 /* RCTLinking.xcodeproj */;
			proxyType = 2;
			remoteGlobalIDString = 134814201AA4EA6300B7C361;
			remoteInfo = RCTLinking;
		};
		832341B41AAA6A8300B99B32 /* PBXContainerItemProxy */ = {
			isa = PBXContainerItemProxy;
			containerPortal = 832341B01AAA6A8300B99B32 /* RCTText.xcodeproj */;
			proxyType = 2;
			remoteGlobalIDString = 58B5119B1A9E6C1200147676;
			remoteInfo = RCTText;
		};
/* End PBXContainerItemProxy section */

/* Begin PBXFileReference section */
		008F07F21AC5B25A0029DE68 /* main.jsbundle */ = {isa = PBXFileReference; fileEncoding = 4; lastKnownFileType = text; path = main.jsbundle; sourceTree = "<group>"; };
		00C302A71ABCB8CE00DB3ED1 /* RCTActionSheet.xcodeproj */ = {isa = PBXFileReference; lastKnownFileType = "wrapper.pb-project"; name = RCTActionSheet.xcodeproj; path = "../node_modules/react-native/Libraries/ActionSheetIOS/RCTActionSheet.xcodeproj"; sourceTree = "<group>"; };
		00C302B51ABCB90400DB3ED1 /* RCTGeolocation.xcodeproj */ = {isa = PBXFileReference; lastKnownFileType = "wrapper.pb-project"; name = RCTGeolocation.xcodeproj; path = "../node_modules/react-native/Libraries/Geolocation/RCTGeolocation.xcodeproj"; sourceTree = "<group>"; };
		00C302BB1ABCB91800DB3ED1 /* RCTImage.xcodeproj */ = {isa = PBXFileReference; lastKnownFileType = "wrapper.pb-project"; name = RCTImage.xcodeproj; path = "../node_modules/react-native/Libraries/Image/RCTImage.xcodeproj"; sourceTree = "<group>"; };
		00C302D31ABCB9D200DB3ED1 /* RCTNetwork.xcodeproj */ = {isa = PBXFileReference; lastKnownFileType = "wrapper.pb-project"; name = RCTNetwork.xcodeproj; path = "../node_modules/react-native/Libraries/Network/RCTNetwork.xcodeproj"; sourceTree = "<group>"; };
		00C302DF1ABCB9EE00DB3ED1 /* RCTVibration.xcodeproj */ = {isa = PBXFileReference; lastKnownFileType = "wrapper.pb-project"; name = RCTVibration.xcodeproj; path = "../node_modules/react-native/Libraries/Vibration/RCTVibration.xcodeproj"; sourceTree = "<group>"; };
		00E356F11AD99517003FC87E /* Info.plist */ = {isa = PBXFileReference; lastKnownFileType = text.plist.xml; path = Info.plist; sourceTree = "<group>"; };
		00E356F21AD99517003FC87E /* DoloresTests.m */ = {isa = PBXFileReference; lastKnownFileType = sourcecode.c.objc; path = DoloresTests.m; sourceTree = "<group>"; };
		139105B61AF99BAD00B5F7CC /* RCTSettings.xcodeproj */ = {isa = PBXFileReference; lastKnownFileType = "wrapper.pb-project"; name = RCTSettings.xcodeproj; path = "../node_modules/react-native/Libraries/Settings/RCTSettings.xcodeproj"; sourceTree = "<group>"; };
		139FDEE61B06529A00C62182 /* RCTWebSocket.xcodeproj */ = {isa = PBXFileReference; lastKnownFileType = "wrapper.pb-project"; name = RCTWebSocket.xcodeproj; path = "../node_modules/react-native/Libraries/WebSocket/RCTWebSocket.xcodeproj"; sourceTree = "<group>"; };
		13B07F961A680F5B00A75B9A /* Dolores.app */ = {isa = PBXFileReference; explicitFileType = wrapper.application; includeInIndex = 0; path = Dolores.app; sourceTree = BUILT_PRODUCTS_DIR; };
		13B07FAF1A68108700A75B9A /* AppDelegate.h */ = {isa = PBXFileReference; fileEncoding = 4; lastKnownFileType = sourcecode.c.h; name = AppDelegate.h; path = Dolores/AppDelegate.h; sourceTree = "<group>"; };
		13B07FB01A68108700A75B9A /* AppDelegate.m */ = {isa = PBXFileReference; fileEncoding = 4; lastKnownFileType = sourcecode.c.objc; name = AppDelegate.m; path = Dolores/AppDelegate.m; sourceTree = "<group>"; };
		13B07FB61A68108700A75B9A /* Info.plist */ = {isa = PBXFileReference; fileEncoding = 4; lastKnownFileType = text.plist.xml; name = Info.plist; path = Dolores/Info.plist; sourceTree = "<group>"; };
		13B07FB71A68108700A75B9A /* main.m */ = {isa = PBXFileReference; fileEncoding = 4; lastKnownFileType = sourcecode.c.objc; name = main.m; path = Dolores/main.m; sourceTree = "<group>"; };
		146833FF1AC3E56700842450 /* React.xcodeproj */ = {isa = PBXFileReference; lastKnownFileType = "wrapper.pb-project"; name = React.xcodeproj; path = "../node_modules/react-native/React/React.xcodeproj"; sourceTree = "<group>"; };
		19A89C54A2EF69ABB85570CA /* Pods-Dolores.debug.xcconfig */ = {isa = PBXFileReference; includeInIndex = 1; lastKnownFileType = text.xcconfig; name = "Pods-Dolores.debug.xcconfig"; path = "Pods/Target Support Files/Pods-Dolores/Pods-Dolores.debug.xcconfig"; sourceTree = "<group>"; };
		2D02E47B1E0B4A5D006451C7 /* Dolores-tvOS.app */ = {isa = PBXFileReference; explicitFileType = wrapper.application; includeInIndex = 0; path = "Dolores-tvOS.app"; sourceTree = BUILT_PRODUCTS_DIR; };
		5E91572D1DD0AC6500FF2AA8 /* RCTAnimation.xcodeproj */ = {isa = PBXFileReference; lastKnownFileType = "wrapper.pb-project"; name = RCTAnimation.xcodeproj; path = "../node_modules/react-native/Libraries/NativeAnimation/RCTAnimation.xcodeproj"; sourceTree = "<group>"; };
		69CCC4BF606C5A555171D6CB /* libPods-Dolores.a */ = {isa = PBXFileReference; explicitFileType = archive.ar; includeInIndex = 0; path = "libPods-Dolores.a"; sourceTree = BUILT_PRODUCTS_DIR; };
		78C398B01ACF4ADC00677621 /* RCTLinking.xcodeproj */ = {isa = PBXFileReference; lastKnownFileType = "wrapper.pb-project"; name = RCTLinking.xcodeproj; path = "../node_modules/react-native/Libraries/LinkingIOS/RCTLinking.xcodeproj"; sourceTree = "<group>"; };
		7E1B122E1EC1BBA20056370E /* UINavigationController+FDFullscreenPopGesture.h */ = {isa = PBXFileReference; fileEncoding = 4; lastKnownFileType = sourcecode.c.h; path = "UINavigationController+FDFullscreenPopGesture.h"; sourceTree = "<group>"; };
		7E1B122F1EC1BBA20056370E /* UINavigationController+FDFullscreenPopGesture.m */ = {isa = PBXFileReference; fileEncoding = 4; lastKnownFileType = sourcecode.c.objc; path = "UINavigationController+FDFullscreenPopGesture.m"; sourceTree = "<group>"; };
		7E1B12311EC1BBA20056370E /* DateTools.bundle */ = {isa = PBXFileReference; lastKnownFileType = "wrapper.plug-in"; path = DateTools.bundle; sourceTree = "<group>"; };
		7E1B12321EC1BBA20056370E /* DTConstants.h */ = {isa = PBXFileReference; fileEncoding = 4; lastKnownFileType = sourcecode.c.h; path = DTConstants.h; sourceTree = "<group>"; };
		7E1B12331EC1BBA20056370E /* DTConstants.m */ = {isa = PBXFileReference; fileEncoding = 4; lastKnownFileType = sourcecode.c.objc; path = DTConstants.m; sourceTree = "<group>"; };
		7E1B12341EC1BBA20056370E /* DTError.h */ = {isa = PBXFileReference; fileEncoding = 4; lastKnownFileType = sourcecode.c.h; path = DTError.h; sourceTree = "<group>"; };
		7E1B12351EC1BBA20056370E /* DTError.m */ = {isa = PBXFileReference; fileEncoding = 4; lastKnownFileType = sourcecode.c.objc; path = DTError.m; sourceTree = "<group>"; };
		7E1B12361EC1BBA20056370E /* NSDate+DateTools.h */ = {isa = PBXFileReference; fileEncoding = 4; lastKnownFileType = sourcecode.c.h; path = "NSDate+DateTools.h"; sourceTree = "<group>"; };
		7E1B12371EC1BBA20056370E /* NSDate+DateTools.m */ = {isa = PBXFileReference; fileEncoding = 4; lastKnownFileType = sourcecode.c.objc; path = "NSDate+DateTools.m"; sourceTree = "<group>"; };
		7E1B12391EC1BBA20056370E /* UIFloatLabelTextField.h */ = {isa = PBXFileReference; fileEncoding = 4; lastKnownFileType = sourcecode.c.h; path = UIFloatLabelTextField.h; sourceTree = "<group>"; };
		7E1B123A1EC1BBA20056370E /* UIFloatLabelTextField.m */ = {isa = PBXFileReference; fileEncoding = 4; lastKnownFileType = sourcecode.c.objc; path = UIFloatLabelTextField.m; sourceTree = "<group>"; };
		7E1B123C1EC1BBA20056370E /* Assets.xcassets */ = {isa = PBXFileReference; lastKnownFileType = folder.assetcatalog; name = Assets.xcassets; path = Dolores/Assets.xcassets; sourceTree = "<group>"; };
		7E1B123F1EC1BBA20056370E /* DLAddMemberController.h */ = {isa = PBXFileReference; fileEncoding = 4; lastKnownFileType = sourcecode.c.h; path = DLAddMemberController.h; sourceTree = "<group>"; };
		7E1B12401EC1BBA20056370E /* DLAddMemberController.m */ = {isa = PBXFileReference; fileEncoding = 4; lastKnownFileType = sourcecode.c.objc; path = DLAddMemberController.m; sourceTree = "<group>"; };
		7E1B12411EC1BBA20056370E /* DLChatController.h */ = {isa = PBXFileReference; fileEncoding = 4; lastKnownFileType = sourcecode.c.h; path = DLChatController.h; sourceTree = "<group>"; };
		7E1B12421EC1BBA20056370E /* DLChatController.m */ = {isa = PBXFileReference; fileEncoding = 4; lastKnownFileType = sourcecode.c.objc; path = DLChatController.m; sourceTree = "<group>"; };
		7E1B12431EC1BBA20056370E /* DLChatDetailController.h */ = {isa = PBXFileReference; fileEncoding = 4; lastKnownFileType = sourcecode.c.h; path = DLChatDetailController.h; sourceTree = "<group>"; };
		7E1B12441EC1BBA20056370E /* DLChatDetailController.m */ = {isa = PBXFileReference; fileEncoding = 4; lastKnownFileType = sourcecode.c.objc; path = DLChatDetailController.m; sourceTree = "<group>"; };
		7E1B12451EC1BBA20056370E /* DLConversationListController.h */ = {isa = PBXFileReference; fileEncoding = 4; lastKnownFileType = sourcecode.c.h; path = DLConversationListController.h; sourceTree = "<group>"; };
		7E1B12461EC1BBA20056370E /* DLConversationListController.m */ = {isa = PBXFileReference; fileEncoding = 4; lastKnownFileType = sourcecode.c.objc; path = DLConversationListController.m; sourceTree = "<group>"; };
		7E1B12471EC1BBA20056370E /* DLSearchResultController.h */ = {isa = PBXFileReference; fileEncoding = 4; lastKnownFileType = sourcecode.c.h; path = DLSearchResultController.h; sourceTree = "<group>"; };
		7E1B12481EC1BBA20056370E /* DLSearchResultController.m */ = {isa = PBXFileReference; fileEncoding = 4; lastKnownFileType = sourcecode.c.objc; path = DLSearchResultController.m; sourceTree = "<group>"; };
		7E1B124A1EC1BBA20056370E /* DLBaseSettingCell.h */ = {isa = PBXFileReference; fileEncoding = 4; lastKnownFileType = sourcecode.c.h; path = DLBaseSettingCell.h; sourceTree = "<group>"; };
		7E1B124B1EC1BBA20056370E /* DLBaseSettingCell.m */ = {isa = PBXFileReference; fileEncoding = 4; lastKnownFileType = sourcecode.c.objc; path = DLBaseSettingCell.m; sourceTree = "<group>"; };
		7E1B124C1EC1BBA20056370E /* DLNetStatusView.h */ = {isa = PBXFileReference; fileEncoding = 4; lastKnownFileType = sourcecode.c.h; path = DLNetStatusView.h; sourceTree = "<group>"; };
		7E1B124D1EC1BBA20056370E /* DLNetStatusView.m */ = {isa = PBXFileReference; fileEncoding = 4; lastKnownFileType = sourcecode.c.objc; path = DLNetStatusView.m; sourceTree = "<group>"; };
		7E1B124F1EC1BBA20056370E /* DLAddContactController.h */ = {isa = PBXFileReference; fileEncoding = 4; lastKnownFileType = sourcecode.c.h; path = DLAddContactController.h; sourceTree = "<group>"; };
		7E1B12501EC1BBA20056370E /* DLAddContactController.m */ = {isa = PBXFileReference; fileEncoding = 4; lastKnownFileType = sourcecode.c.objc; path = DLAddContactController.m; sourceTree = "<group>"; };
		7E1B12511EC1BBA20056370E /* DLContactListController.h */ = {isa = PBXFileReference; fileEncoding = 4; lastKnownFileType = sourcecode.c.h; path = DLContactListController.h; sourceTree = "<group>"; };
		7E1B12521EC1BBA20056370E /* DLContactListController.m */ = {isa = PBXFileReference; fileEncoding = 4; lastKnownFileType = sourcecode.c.objc; path = DLContactListController.m; sourceTree = "<group>"; };
		7E1B12541EC1BBA20056370E /* DLContactCell.h */ = {isa = PBXFileReference; fileEncoding = 4; lastKnownFileType = sourcecode.c.h; path = DLContactCell.h; sourceTree = "<group>"; };
		7E1B12551EC1BBA20056370E /* DLContactCell.m */ = {isa = PBXFileReference; fileEncoding = 4; lastKnownFileType = sourcecode.c.objc; path = DLContactCell.m; sourceTree = "<group>"; };
		7E1B12561EC1BBA20056370E /* DLContactSectionHeader.h */ = {isa = PBXFileReference; fileEncoding = 4; lastKnownFileType = sourcecode.c.h; path = DLContactSectionHeader.h; sourceTree = "<group>"; };
		7E1B12571EC1BBA20056370E /* DLContactSectionHeader.m */ = {isa = PBXFileReference; fileEncoding = 4; lastKnownFileType = sourcecode.c.objc; path = DLContactSectionHeader.m; sourceTree = "<group>"; };
		7E1B12581EC1BBA20056370E /* DLSelectContactCell.h */ = {isa = PBXFileReference; fileEncoding = 4; lastKnownFileType = sourcecode.c.h; path = DLSelectContactCell.h; sourceTree = "<group>"; };
		7E1B12591EC1BBA20056370E /* DLSelectContactCell.m */ = {isa = PBXFileReference; fileEncoding = 4; lastKnownFileType = sourcecode.c.objc; path = DLSelectContactCell.m; sourceTree = "<group>"; };
		7E1B125B1EC1BBA20056370E /* DLLoginController.h */ = {isa = PBXFileReference; fileEncoding = 4; lastKnownFileType = sourcecode.c.h; path = DLLoginController.h; sourceTree = "<group>"; };
		7E1B125C1EC1BBA20056370E /* DLLoginController.m */ = {isa = PBXFileReference; fileEncoding = 4; lastKnownFileType = sourcecode.c.objc; path = DLLoginController.m; sourceTree = "<group>"; };
		7E1B125D1EC1BBA20056370E /* DLRegisterController.h */ = {isa = PBXFileReference; fileEncoding = 4; lastKnownFileType = sourcecode.c.h; path = DLRegisterController.h; sourceTree = "<group>"; };
		7E1B125E1EC1BBA20056370E /* DLRegisterController.m */ = {isa = PBXFileReference; fileEncoding = 4; lastKnownFileType = sourcecode.c.objc; path = DLRegisterController.m; sourceTree = "<group>"; };
		7E1B12601EC1BBA20056370E /* DLBridgeManager.h */ = {isa = PBXFileReference; fileEncoding = 4; lastKnownFileType = sourcecode.c.h; path = DLBridgeManager.h; sourceTree = "<group>"; };
		7E1B12611EC1BBA20056370E /* DLBridgeManager.m */ = {isa = PBXFileReference; fileEncoding = 4; lastKnownFileType = sourcecode.c.objc; path = DLBridgeManager.m; sourceTree = "<group>"; };
		7E1B12621EC1BBA20056370E /* DLRNTestController.h */ = {isa = PBXFileReference; fileEncoding = 4; lastKnownFileType = sourcecode.c.h; path = DLRNTestController.h; sourceTree = "<group>"; };
		7E1B12631EC1BBA20056370E /* DLRNTestController.m */ = {isa = PBXFileReference; fileEncoding = 4; lastKnownFileType = sourcecode.c.objc; path = DLRNTestController.m; sourceTree = "<group>"; };
		7E1B12651EC1BBA20056370E /* DLBaseViewController.h */ = {isa = PBXFileReference; fileEncoding = 4; lastKnownFileType = sourcecode.c.h; path = DLBaseViewController.h; sourceTree = "<group>"; };
		7E1B12661EC1BBA20056370E /* DLBaseViewController.m */ = {isa = PBXFileReference; fileEncoding = 4; lastKnownFileType = sourcecode.c.objc; path = DLBaseViewController.m; sourceTree = "<group>"; };
		7E1B12671EC1BBA20056370E /* DLRootTabController.h */ = {isa = PBXFileReference; fileEncoding = 4; lastKnownFileType = sourcecode.c.h; path = DLRootTabController.h; sourceTree = "<group>"; };
		7E1B12681EC1BBA20056370E /* DLRootTabController.m */ = {isa = PBXFileReference; fileEncoding = 4; lastKnownFileType = sourcecode.c.objc; path = DLRootTabController.m; sourceTree = "<group>"; };
		7E1B126A1EC1BBA20056370E /* DLMineController.h */ = {isa = PBXFileReference; fileEncoding = 4; lastKnownFileType = sourcecode.c.h; path = DLMineController.h; sourceTree = "<group>"; };
		7E1B126B1EC1BBA20056370E /* DLMineController.m */ = {isa = PBXFileReference; fileEncoding = 4; lastKnownFileType = sourcecode.c.objc; path = DLMineController.m; sourceTree = "<group>"; };
		7E1B126D1EC1BBA20056370E /* DLLogoutCell.h */ = {isa = PBXFileReference; fileEncoding = 4; lastKnownFileType = sourcecode.c.h; path = DLLogoutCell.h; sourceTree = "<group>"; };
		7E1B126E1EC1BBA20056370E /* DLLogoutCell.m */ = {isa = PBXFileReference; fileEncoding = 4; lastKnownFileType = sourcecode.c.objc; path = DLLogoutCell.m; sourceTree = "<group>"; };
		7E1B12701EC1BBA20056370E /* DefineMacro.h */ = {isa = PBXFileReference; fileEncoding = 4; lastKnownFileType = sourcecode.c.h; path = DefineMacro.h; sourceTree = "<group>"; };
		7E1B12711EC1BBA20056370E /* Dolores.pch */ = {isa = PBXFileReference; fileEncoding = 4; lastKnownFileType = sourcecode.c.h; path = Dolores.pch; sourceTree = "<group>"; };
		7E1B12721EC1BBA20056370E /* EnumHeader.h */ = {isa = PBXFileReference; fileEncoding = 4; lastKnownFileType = sourcecode.c.h; path = EnumHeader.h; sourceTree = "<group>"; };
		7E1B12731EC1BBA20056370E /* ProtocolHeader.h */ = {isa = PBXFileReference; fileEncoding = 4; lastKnownFileType = sourcecode.c.h; path = ProtocolHeader.h; sourceTree = "<group>"; };
		7E1B12761EC1BBA20056370E /* DLConversationModel.h */ = {isa = PBXFileReference; fileEncoding = 4; lastKnownFileType = sourcecode.c.h; path = DLConversationModel.h; sourceTree = "<group>"; };
		7E1B12771EC1BBA20056370E /* DLConversationModel.m */ = {isa = PBXFileReference; fileEncoding = 4; lastKnownFileType = sourcecode.c.objc; path = DLConversationModel.m; sourceTree = "<group>"; };
		7E1B12781EC1BBA20056370E /* DLMessageModel.h */ = {isa = PBXFileReference; fileEncoding = 4; lastKnownFileType = sourcecode.c.h; path = DLMessageModel.h; sourceTree = "<group>"; };
		7E1B12791EC1BBA20056370E /* DLMessageModel.m */ = {isa = PBXFileReference; fileEncoding = 4; lastKnownFileType = sourcecode.c.objc; path = DLMessageModel.m; sourceTree = "<group>"; };
		7E1B127A1EC1BBA20056370E /* DLSettingConfig.h */ = {isa = PBXFileReference; fileEncoding = 4; lastKnownFileType = sourcecode.c.h; path = DLSettingConfig.h; sourceTree = "<group>"; };
		7E1B127B1EC1BBA20056370E /* DLSettingConfig.m */ = {isa = PBXFileReference; fileEncoding = 4; lastKnownFileType = sourcecode.c.objc; path = DLSettingConfig.m; sourceTree = "<group>"; };
		7E1B127C1EC1BBA20056370E /* DLUser.h */ = {isa = PBXFileReference; fileEncoding = 4; lastKnownFileType = sourcecode.c.h; path = DLUser.h; sourceTree = "<group>"; };
		7E1B127D1EC1BBA20056370E /* DLUser.m */ = {isa = PBXFileReference; fileEncoding = 4; lastKnownFileType = sourcecode.c.objc; path = DLUser.m; sourceTree = "<group>"; };
		7E1B12821EC1BBA20056370E /* CategoryHeader.h */ = {isa = PBXFileReference; fileEncoding = 4; lastKnownFileType = sourcecode.c.h; path = CategoryHeader.h; sourceTree = "<group>"; };
		7E1B12841EC1BBA20056370E /* NSUserDefaults+DLUser.h */ = {isa = PBXFileReference; fileEncoding = 4; lastKnownFileType = sourcecode.c.h; path = "NSUserDefaults+DLUser.h"; sourceTree = "<group>"; };
		7E1B12851EC1BBA20056370E /* NSUserDefaults+DLUser.m */ = {isa = PBXFileReference; fileEncoding = 4; lastKnownFileType = sourcecode.c.objc; path = "NSUserDefaults+DLUser.m"; sourceTree = "<group>"; };
		7E1B12871EC1BBA20056370E /* MBProgressHUD+VBAdd.h */ = {isa = PBXFileReference; fileEncoding = 4; lastKnownFileType = sourcecode.c.h; path = "MBProgressHUD+VBAdd.h"; sourceTree = "<group>"; };
		7E1B12881EC1BBA20056370E /* MBProgressHUD+VBAdd.m */ = {isa = PBXFileReference; fileEncoding = 4; lastKnownFileType = sourcecode.c.objc; path = "MBProgressHUD+VBAdd.m"; sourceTree = "<group>"; };
		7E1B12891EC1BBA20056370E /* UIBarButtonItem+DLAdd.h */ = {isa = PBXFileReference; fileEncoding = 4; lastKnownFileType = sourcecode.c.h; path = "UIBarButtonItem+DLAdd.h"; sourceTree = "<group>"; };
		7E1B128A1EC1BBA20056370E /* UIBarButtonItem+DLAdd.m */ = {isa = PBXFileReference; fileEncoding = 4; lastKnownFileType = sourcecode.c.objc; path = "UIBarButtonItem+DLAdd.m"; sourceTree = "<group>"; };
		7E1B128B1EC1BBA20056370E /* UIButton+Addition.h */ = {isa = PBXFileReference; fileEncoding = 4; lastKnownFileType = sourcecode.c.h; path = "UIButton+Addition.h"; sourceTree = "<group>"; };
		7E1B128C1EC1BBA20056370E /* UIButton+Addition.m */ = {isa = PBXFileReference; fileEncoding = 4; lastKnownFileType = sourcecode.c.objc; path = "UIButton+Addition.m"; sourceTree = "<group>"; };
		7E1B128D1EC1BBA20056370E /* UIColor+DLAdd.h */ = {isa = PBXFileReference; fileEncoding = 4; lastKnownFileType = sourcecode.c.h; path = "UIColor+DLAdd.h"; sourceTree = "<group>"; };
		7E1B128E1EC1BBA20056370E /* UIColor+DLAdd.m */ = {isa = PBXFileReference; fileEncoding = 4; lastKnownFileType = sourcecode.c.objc; path = "UIColor+DLAdd.m"; sourceTree = "<group>"; };
		7E1B128F1EC1BBA20056370E /* UIFont+Addition.h */ = {isa = PBXFileReference; fileEncoding = 4; lastKnownFileType = sourcecode.c.h; path = "UIFont+Addition.h"; sourceTree = "<group>"; };
		7E1B12901EC1BBA20056370E /* UIFont+Addition.m */ = {isa = PBXFileReference; fileEncoding = 4; lastKnownFileType = sourcecode.c.objc; path = "UIFont+Addition.m"; sourceTree = "<group>"; };
		7E1B12911EC1BBA20056370E /* UIImage+Addition.h */ = {isa = PBXFileReference; fileEncoding = 4; lastKnownFileType = sourcecode.c.h; path = "UIImage+Addition.h"; sourceTree = "<group>"; };
		7E1B12921EC1BBA20056370E /* UIImage+Addition.m */ = {isa = PBXFileReference; fileEncoding = 4; lastKnownFileType = sourcecode.c.objc; path = "UIImage+Addition.m"; sourceTree = "<group>"; };
		7E1B12931EC1BBA20056370E /* UILabel+Addition.h */ = {isa = PBXFileReference; fileEncoding = 4; lastKnownFileType = sourcecode.c.h; path = "UILabel+Addition.h"; sourceTree = "<group>"; };
		7E1B12941EC1BBA20056370E /* UILabel+Addition.m */ = {isa = PBXFileReference; fileEncoding = 4; lastKnownFileType = sourcecode.c.objc; path = "UILabel+Addition.m"; sourceTree = "<group>"; };
		7E1B12951EC1BBA20056370E /* UITableView+Addition.h */ = {isa = PBXFileReference; fileEncoding = 4; lastKnownFileType = sourcecode.c.h; path = "UITableView+Addition.h"; sourceTree = "<group>"; };
		7E1B12961EC1BBA20056370E /* UITableView+Addition.m */ = {isa = PBXFileReference; fileEncoding = 4; lastKnownFileType = sourcecode.c.objc; path = "UITableView+Addition.m"; sourceTree = "<group>"; };
		7E1B12971EC1BBA20056370E /* UITableViewCell+Register.h */ = {isa = PBXFileReference; fileEncoding = 4; lastKnownFileType = sourcecode.c.h; path = "UITableViewCell+Register.h"; sourceTree = "<group>"; };
		7E1B12981EC1BBA20056370E /* UITableViewCell+Register.m */ = {isa = PBXFileReference; fileEncoding = 4; lastKnownFileType = sourcecode.c.objc; path = "UITableViewCell+Register.m"; sourceTree = "<group>"; };
		7E1B12991EC1BBA20056370E /* UITextField+Addition.h */ = {isa = PBXFileReference; fileEncoding = 4; lastKnownFileType = sourcecode.c.h; path = "UITextField+Addition.h"; sourceTree = "<group>"; };
		7E1B129A1EC1BBA20056370E /* UITextField+Addition.m */ = {isa = PBXFileReference; fileEncoding = 4; lastKnownFileType = sourcecode.c.objc; path = "UITextField+Addition.m"; sourceTree = "<group>"; };
		7E1B129B1EC1BBA20056370E /* UIView+DLAdd.h */ = {isa = PBXFileReference; fileEncoding = 4; lastKnownFileType = sourcecode.c.h; path = "UIView+DLAdd.h"; sourceTree = "<group>"; };
		7E1B129C1EC1BBA20056370E /* UIView+DLAdd.m */ = {isa = PBXFileReference; fileEncoding = 4; lastKnownFileType = sourcecode.c.objc; path = "UIView+DLAdd.m"; sourceTree = "<group>"; };
		7E1B129F1EC1BBA20056370E /* DLChatDataHelper.h */ = {isa = PBXFileReference; fileEncoding = 4; lastKnownFileType = sourcecode.c.h; path = DLChatDataHelper.h; sourceTree = "<group>"; };
		7E1B12A01EC1BBA20056370E /* DLChatDataHelper.m */ = {isa = PBXFileReference; fileEncoding = 4; lastKnownFileType = sourcecode.c.objc; path = DLChatDataHelper.m; sourceTree = "<group>"; };
		7E1B12F21EC1BD7D0056370E /* Launch Screen.storyboard */ = {isa = PBXFileReference; fileEncoding = 4; lastKnownFileType = file.storyboard; path = "Launch Screen.storyboard"; sourceTree = "<group>"; };
		7E1B13C51EC2BDC80056370E /* RMCompany.h */ = {isa = PBXFileReference; fileEncoding = 4; lastKnownFileType = sourcecode.c.h; path = RMCompany.h; sourceTree = "<group>"; };
		7E1B13C61EC2BDC80056370E /* RMCompany.m */ = {isa = PBXFileReference; fileEncoding = 4; lastKnownFileType = sourcecode.c.objc; path = RMCompany.m; sourceTree = "<group>"; };
		7E1B13C81EC2BDFB0056370E /* RMDepartment.h */ = {isa = PBXFileReference; fileEncoding = 4; lastKnownFileType = sourcecode.c.h; path = RMDepartment.h; sourceTree = "<group>"; };
		7E1B13C91EC2BDFB0056370E /* RMDepartment.m */ = {isa = PBXFileReference; fileEncoding = 4; lastKnownFileType = sourcecode.c.objc; path = RMDepartment.m; sourceTree = "<group>"; };
		7E1B13CB1EC2BE310056370E /* RMStaff.h */ = {isa = PBXFileReference; fileEncoding = 4; lastKnownFileType = sourcecode.c.h; path = RMStaff.h; sourceTree = "<group>"; };
		7E1B13CC1EC2BE310056370E /* RMStaff.m */ = {isa = PBXFileReference; fileEncoding = 4; lastKnownFileType = sourcecode.c.objc; path = RMStaff.m; sourceTree = "<group>"; };
		7E1B14321EC54F4D0056370E /* DLNetworkService.h */ = {isa = PBXFileReference; fileEncoding = 4; lastKnownFileType = sourcecode.c.h; path = DLNetworkService.h; sourceTree = "<group>"; };
		7E1B14331EC54F4D0056370E /* DLNetworkService.m */ = {isa = PBXFileReference; fileEncoding = 4; lastKnownFileType = sourcecode.c.objc; path = DLNetworkService.m; sourceTree = "<group>"; };
		7E1B14361EC55AE50056370E /* BFNetworkActivityLogger.h */ = {isa = PBXFileReference; fileEncoding = 4; lastKnownFileType = sourcecode.c.h; path = BFNetworkActivityLogger.h; sourceTree = "<group>"; };
		7E1B14371EC55AE50056370E /* BFNetworkActivityLogger.m */ = {isa = PBXFileReference; fileEncoding = 4; lastKnownFileType = sourcecode.c.objc; path = BFNetworkActivityLogger.m; sourceTree = "<group>"; };
		7E1B143A1EC55BB30056370E /* DLContactManager.h */ = {isa = PBXFileReference; fileEncoding = 4; lastKnownFileType = sourcecode.c.h; path = DLContactManager.h; sourceTree = "<group>"; };
		7E1B143B1EC55BB30056370E /* DLContactManager.m */ = {isa = PBXFileReference; fileEncoding = 4; lastKnownFileType = sourcecode.c.objc; path = DLContactManager.m; sourceTree = "<group>"; };
		7E1B143D1EC5880C0056370E /* DLDBQueryHelper.h */ = {isa = PBXFileReference; fileEncoding = 4; lastKnownFileType = sourcecode.c.h; path = DLDBQueryHelper.h; sourceTree = "<group>"; };
		7E1B143E1EC5880C0056370E /* DLDBQueryHelper.m */ = {isa = PBXFileReference; fileEncoding = 4; lastKnownFileType = sourcecode.c.objc; path = DLDBQueryHelper.m; sourceTree = "<group>"; };
		7E1B14401EC58C750056370E /* NSArray+DLAdd.h */ = {isa = PBXFileReference; fileEncoding = 4; lastKnownFileType = sourcecode.c.h; path = "NSArray+DLAdd.h"; sourceTree = "<group>"; };
		7E1B14411EC58C750056370E /* NSArray+DLAdd.m */ = {isa = PBXFileReference; fileEncoding = 4; lastKnownFileType = sourcecode.c.objc; path = "NSArray+DLAdd.m"; sourceTree = "<group>"; };
		832341B01AAA6A8300B99B32 /* RCTText.xcodeproj */ = {isa = PBXFileReference; lastKnownFileType = "wrapper.pb-project"; name = RCTText.xcodeproj; path = "../node_modules/react-native/Libraries/Text/RCTText.xcodeproj"; sourceTree = "<group>"; };
		E85F2F4B3F629AC920777B97 /* Pods-Dolores.release.xcconfig */ = {isa = PBXFileReference; includeInIndex = 1; lastKnownFileType = text.xcconfig; name = "Pods-Dolores.release.xcconfig"; path = "Pods/Target Support Files/Pods-Dolores/Pods-Dolores.release.xcconfig"; sourceTree = "<group>"; };
/* End PBXFileReference section */

/* Begin PBXFrameworksBuildPhase section */
		13B07F8C1A680F5B00A75B9A /* Frameworks */ = {
			isa = PBXFrameworksBuildPhase;
			buildActionMask = 2147483647;
			files = (
				146834051AC3E58100842450 /* libReact.a in Frameworks */,
				5E9157361DD0AC6A00FF2AA8 /* libRCTAnimation.a in Frameworks */,
				00C302E51ABCBA2D00DB3ED1 /* libRCTActionSheet.a in Frameworks */,
				00C302E71ABCBA2D00DB3ED1 /* libRCTGeolocation.a in Frameworks */,
				00C302E81ABCBA2D00DB3ED1 /* libRCTImage.a in Frameworks */,
				133E29F31AD74F7200F7D852 /* libRCTLinking.a in Frameworks */,
				00C302E91ABCBA2D00DB3ED1 /* libRCTNetwork.a in Frameworks */,
				139105C61AF99C1200B5F7CC /* libRCTSettings.a in Frameworks */,
				832341BD1AAA6AB300B99B32 /* libRCTText.a in Frameworks */,
				00C302EA1ABCBA2D00DB3ED1 /* libRCTVibration.a in Frameworks */,
				139FDEF61B0652A700C62182 /* libRCTWebSocket.a in Frameworks */,
				8BD7572398B278E4A2718D6F /* libPods-Dolores.a in Frameworks */,
			);
			runOnlyForDeploymentPostprocessing = 0;
		};
		2D02E4781E0B4A5D006451C7 /* Frameworks */ = {
			isa = PBXFrameworksBuildPhase;
			buildActionMask = 2147483647;
			files = (
				2D02E4C91E0B4AEC006451C7 /* libReact.a in Frameworks */,
				2D02E4C21E0B4AEC006451C7 /* libRCTAnimation.a in Frameworks */,
				2D02E4C31E0B4AEC006451C7 /* libRCTImage-tvOS.a in Frameworks */,
				2D02E4C41E0B4AEC006451C7 /* libRCTLinking-tvOS.a in Frameworks */,
				2D02E4C51E0B4AEC006451C7 /* libRCTNetwork-tvOS.a in Frameworks */,
				2D02E4C61E0B4AEC006451C7 /* libRCTSettings-tvOS.a in Frameworks */,
				2D02E4C71E0B4AEC006451C7 /* libRCTText-tvOS.a in Frameworks */,
				2D02E4C81E0B4AEC006451C7 /* libRCTWebSocket-tvOS.a in Frameworks */,
			);
			runOnlyForDeploymentPostprocessing = 0;
		};
/* End PBXFrameworksBuildPhase section */

/* Begin PBXGroup section */
		00C302A81ABCB8CE00DB3ED1 /* Products */ = {
			isa = PBXGroup;
			children = (
				00C302AC1ABCB8CE00DB3ED1 /* libRCTActionSheet.a */,
			);
			name = Products;
			sourceTree = "<group>";
		};
		00C302B61ABCB90400DB3ED1 /* Products */ = {
			isa = PBXGroup;
			children = (
				00C302BA1ABCB90400DB3ED1 /* libRCTGeolocation.a */,
			);
			name = Products;
			sourceTree = "<group>";
		};
		00C302BC1ABCB91800DB3ED1 /* Products */ = {
			isa = PBXGroup;
			children = (
				00C302C01ABCB91800DB3ED1 /* libRCTImage.a */,
				3DAD3E841DF850E9000B6D8A /* libRCTImage-tvOS.a */,
			);
			name = Products;
			sourceTree = "<group>";
		};
		00C302D41ABCB9D200DB3ED1 /* Products */ = {
			isa = PBXGroup;
			children = (
				00C302DC1ABCB9D200DB3ED1 /* libRCTNetwork.a */,
				3DAD3E8C1DF850E9000B6D8A /* libRCTNetwork-tvOS.a */,
			);
			name = Products;
			sourceTree = "<group>";
		};
		00C302E01ABCB9EE00DB3ED1 /* Products */ = {
			isa = PBXGroup;
			children = (
				00C302E41ABCB9EE00DB3ED1 /* libRCTVibration.a */,
			);
			name = Products;
			sourceTree = "<group>";
		};
		00E356EF1AD99517003FC87E /* DoloresTests */ = {
			isa = PBXGroup;
			children = (
				00E356F21AD99517003FC87E /* DoloresTests.m */,
				00E356F01AD99517003FC87E /* Supporting Files */,
			);
			path = DoloresTests;
			sourceTree = "<group>";
		};
		00E356F01AD99517003FC87E /* Supporting Files */ = {
			isa = PBXGroup;
			children = (
				00E356F11AD99517003FC87E /* Info.plist */,
			);
			name = "Supporting Files";
			sourceTree = "<group>";
		};
		139105B71AF99BAD00B5F7CC /* Products */ = {
			isa = PBXGroup;
			children = (
				139105C11AF99BAD00B5F7CC /* libRCTSettings.a */,
				3DAD3E901DF850E9000B6D8A /* libRCTSettings-tvOS.a */,
			);
			name = Products;
			sourceTree = "<group>";
		};
		139FDEE71B06529A00C62182 /* Products */ = {
			isa = PBXGroup;
			children = (
				139FDEF41B06529B00C62182 /* libRCTWebSocket.a */,
				3DAD3E991DF850E9000B6D8A /* libRCTWebSocket-tvOS.a */,
			);
			name = Products;
			sourceTree = "<group>";
		};
		13B07FAE1A68108700A75B9A /* Dolores */ = {
			isa = PBXGroup;
			children = (
				7E1B123D1EC1BBA20056370E /* Feature */,
				7E1B122C1EC1BBA20056370E /* Thirdparty */,
				7E1B126F1EC1BBA20056370E /* Header */,
				7E1B12751EC1BBA20056370E /* Model */,
				7E1B127E1EC1BBA20056370E /* Resource */,
				7E1B127F1EC1BBA20056370E /* Service */,
				7E1B12801EC1BBA20056370E /* Tool */,
				008F07F21AC5B25A0029DE68 /* main.jsbundle */,
				13B07FAF1A68108700A75B9A /* AppDelegate.h */,
				13B07FB01A68108700A75B9A /* AppDelegate.m */,
				13B07FB61A68108700A75B9A /* Info.plist */,
				13B07FB71A68108700A75B9A /* main.m */,
				7E1B123C1EC1BBA20056370E /* Assets.xcassets */,
				7E1B12F21EC1BD7D0056370E /* Launch Screen.storyboard */,
			);
			name = Dolores;
			sourceTree = "<group>";
		};
		146834001AC3E56700842450 /* Products */ = {
			isa = PBXGroup;
			children = (
				146834041AC3E56700842450 /* libReact.a */,
				3DAD3EA31DF850E9000B6D8A /* libReact.a */,
				3DAD3EA51DF850E9000B6D8A /* libyoga.a */,
				3DAD3EA71DF850E9000B6D8A /* libyoga.a */,
				3DAD3EA91DF850E9000B6D8A /* libcxxreact.a */,
				3DAD3EAB1DF850E9000B6D8A /* libcxxreact.a */,
				3DAD3EAD1DF850E9000B6D8A /* libjschelpers.a */,
				3DAD3EAF1DF850E9000B6D8A /* libjschelpers.a */,
			);
			name = Products;
			sourceTree = "<group>";
		};
		1A8AA922985DC4BB19A187AB /* Pods */ = {
			isa = PBXGroup;
			children = (
				19A89C54A2EF69ABB85570CA /* Pods-Dolores.debug.xcconfig */,
				E85F2F4B3F629AC920777B97 /* Pods-Dolores.release.xcconfig */,
			);
			name = Pods;
			sourceTree = "<group>";
		};
		1E6A5FB1528C4DD0DDEF1733 /* Frameworks */ = {
			isa = PBXGroup;
			children = (
				69CCC4BF606C5A555171D6CB /* libPods-Dolores.a */,
			);
			name = Frameworks;
			sourceTree = "<group>";
		};
		5E91572E1DD0AC6500FF2AA8 /* Products */ = {
			isa = PBXGroup;
			children = (
				5E9157331DD0AC6500FF2AA8 /* libRCTAnimation.a */,
				5E9157351DD0AC6500FF2AA8 /* libRCTAnimation.a */,
			);
			name = Products;
			sourceTree = "<group>";
		};
		78C398B11ACF4ADC00677621 /* Products */ = {
			isa = PBXGroup;
			children = (
				78C398B91ACF4ADC00677621 /* libRCTLinking.a */,
				3DAD3E881DF850E9000B6D8A /* libRCTLinking-tvOS.a */,
			);
			name = Products;
			sourceTree = "<group>";
		};
		7E1B122C1EC1BBA20056370E /* Thirdparty */ = {
			isa = PBXGroup;
			children = (
				7E1B14351EC55AE50056370E /* BFNetworkActivityLogger */,
				7E1B122D1EC1BBA20056370E /* FDFullscreenPopGesture */,
				7E1B12301EC1BBA20056370E /* NSDateTools */,
				7E1B12381EC1BBA20056370E /* UIFloatLabelTextField */,
			);
			name = Thirdparty;
			path = "Dolores/ Thirdparty";
			sourceTree = "<group>";
		};
		7E1B122D1EC1BBA20056370E /* FDFullscreenPopGesture */ = {
			isa = PBXGroup;
			children = (
				7E1B122E1EC1BBA20056370E /* UINavigationController+FDFullscreenPopGesture.h */,
				7E1B122F1EC1BBA20056370E /* UINavigationController+FDFullscreenPopGesture.m */,
			);
			path = FDFullscreenPopGesture;
			sourceTree = "<group>";
		};
		7E1B12301EC1BBA20056370E /* NSDateTools */ = {
			isa = PBXGroup;
			children = (
				7E1B12311EC1BBA20056370E /* DateTools.bundle */,
				7E1B12321EC1BBA20056370E /* DTConstants.h */,
				7E1B12331EC1BBA20056370E /* DTConstants.m */,
				7E1B12341EC1BBA20056370E /* DTError.h */,
				7E1B12351EC1BBA20056370E /* DTError.m */,
				7E1B12361EC1BBA20056370E /* NSDate+DateTools.h */,
				7E1B12371EC1BBA20056370E /* NSDate+DateTools.m */,
			);
			path = NSDateTools;
			sourceTree = "<group>";
		};
		7E1B12381EC1BBA20056370E /* UIFloatLabelTextField */ = {
			isa = PBXGroup;
			children = (
				7E1B12391EC1BBA20056370E /* UIFloatLabelTextField.h */,
				7E1B123A1EC1BBA20056370E /* UIFloatLabelTextField.m */,
			);
			path = UIFloatLabelTextField;
			sourceTree = "<group>";
		};
		7E1B123D1EC1BBA20056370E /* Feature */ = {
			isa = PBXGroup;
			children = (
				7E1B123E1EC1BBA20056370E /* Chat */,
				7E1B124E1EC1BBA20056370E /* Friends */,
				7E1B125A1EC1BBA20056370E /* Login */,
				7E1B125F1EC1BBA20056370E /* ReactNative */,
				7E1B12641EC1BBA20056370E /* Root */,
				7E1B12691EC1BBA20056370E /* User */,
			);
			name = Feature;
			path = Dolores/Feature;
			sourceTree = "<group>";
		};
		7E1B123E1EC1BBA20056370E /* Chat */ = {
			isa = PBXGroup;
			children = (
				7E1B123F1EC1BBA20056370E /* DLAddMemberController.h */,
				7E1B12401EC1BBA20056370E /* DLAddMemberController.m */,
				7E1B12411EC1BBA20056370E /* DLChatController.h */,
				7E1B12421EC1BBA20056370E /* DLChatController.m */,
				7E1B12431EC1BBA20056370E /* DLChatDetailController.h */,
				7E1B12441EC1BBA20056370E /* DLChatDetailController.m */,
				7E1B12451EC1BBA20056370E /* DLConversationListController.h */,
				7E1B12461EC1BBA20056370E /* DLConversationListController.m */,
				7E1B12471EC1BBA20056370E /* DLSearchResultController.h */,
				7E1B12481EC1BBA20056370E /* DLSearchResultController.m */,
				7E1B12491EC1BBA20056370E /* View */,
			);
			path = Chat;
			sourceTree = "<group>";
		};
		7E1B12491EC1BBA20056370E /* View */ = {
			isa = PBXGroup;
			children = (
				7E1B124A1EC1BBA20056370E /* DLBaseSettingCell.h */,
				7E1B124B1EC1BBA20056370E /* DLBaseSettingCell.m */,
				7E1B124C1EC1BBA20056370E /* DLNetStatusView.h */,
				7E1B124D1EC1BBA20056370E /* DLNetStatusView.m */,
			);
			path = View;
			sourceTree = "<group>";
		};
		7E1B124E1EC1BBA20056370E /* Friends */ = {
			isa = PBXGroup;
			children = (
				7E1B124F1EC1BBA20056370E /* DLAddContactController.h */,
				7E1B12501EC1BBA20056370E /* DLAddContactController.m */,
				7E1B12511EC1BBA20056370E /* DLContactListController.h */,
				7E1B12521EC1BBA20056370E /* DLContactListController.m */,
				7E1B12531EC1BBA20056370E /* View */,
			);
			path = Friends;
			sourceTree = "<group>";
		};
		7E1B12531EC1BBA20056370E /* View */ = {
			isa = PBXGroup;
			children = (
				7E1B12541EC1BBA20056370E /* DLContactCell.h */,
				7E1B12551EC1BBA20056370E /* DLContactCell.m */,
				7E1B12561EC1BBA20056370E /* DLContactSectionHeader.h */,
				7E1B12571EC1BBA20056370E /* DLContactSectionHeader.m */,
				7E1B12581EC1BBA20056370E /* DLSelectContactCell.h */,
				7E1B12591EC1BBA20056370E /* DLSelectContactCell.m */,
			);
			path = View;
			sourceTree = "<group>";
		};
		7E1B125A1EC1BBA20056370E /* Login */ = {
			isa = PBXGroup;
			children = (
				7E1B125B1EC1BBA20056370E /* DLLoginController.h */,
				7E1B125C1EC1BBA20056370E /* DLLoginController.m */,
				7E1B125D1EC1BBA20056370E /* DLRegisterController.h */,
				7E1B125E1EC1BBA20056370E /* DLRegisterController.m */,
			);
			path = Login;
			sourceTree = "<group>";
		};
		7E1B125F1EC1BBA20056370E /* ReactNative */ = {
			isa = PBXGroup;
			children = (
				7E1B12601EC1BBA20056370E /* DLBridgeManager.h */,
				7E1B12611EC1BBA20056370E /* DLBridgeManager.m */,
				7E1B12621EC1BBA20056370E /* DLRNTestController.h */,
				7E1B12631EC1BBA20056370E /* DLRNTestController.m */,
			);
			path = ReactNative;
			sourceTree = "<group>";
		};
		7E1B12641EC1BBA20056370E /* Root */ = {
			isa = PBXGroup;
			children = (
				7E1B12651EC1BBA20056370E /* DLBaseViewController.h */,
				7E1B12661EC1BBA20056370E /* DLBaseViewController.m */,
				7E1B12671EC1BBA20056370E /* DLRootTabController.h */,
				7E1B12681EC1BBA20056370E /* DLRootTabController.m */,
			);
			path = Root;
			sourceTree = "<group>";
		};
		7E1B12691EC1BBA20056370E /* User */ = {
			isa = PBXGroup;
			children = (
				7E1B126A1EC1BBA20056370E /* DLMineController.h */,
				7E1B126B1EC1BBA20056370E /* DLMineController.m */,
				7E1B126C1EC1BBA20056370E /* View */,
			);
			path = User;
			sourceTree = "<group>";
		};
		7E1B126C1EC1BBA20056370E /* View */ = {
			isa = PBXGroup;
			children = (
				7E1B126D1EC1BBA20056370E /* DLLogoutCell.h */,
				7E1B126E1EC1BBA20056370E /* DLLogoutCell.m */,
			);
			path = View;
			sourceTree = "<group>";
		};
		7E1B126F1EC1BBA20056370E /* Header */ = {
			isa = PBXGroup;
			children = (
				7E1B12701EC1BBA20056370E /* DefineMacro.h */,
				7E1B12711EC1BBA20056370E /* Dolores.pch */,
				7E1B12721EC1BBA20056370E /* EnumHeader.h */,
				7E1B12731EC1BBA20056370E /* ProtocolHeader.h */,
			);
			name = Header;
			path = Dolores/Header;
			sourceTree = "<group>";
		};
		7E1B12751EC1BBA20056370E /* Model */ = {
			isa = PBXGroup;
			children = (
				7E1B13C41EC2AC660056370E /* Realm */,
				7E1B12761EC1BBA20056370E /* DLConversationModel.h */,
				7E1B12771EC1BBA20056370E /* DLConversationModel.m */,
				7E1B12781EC1BBA20056370E /* DLMessageModel.h */,
				7E1B12791EC1BBA20056370E /* DLMessageModel.m */,
				7E1B127A1EC1BBA20056370E /* DLSettingConfig.h */,
				7E1B127B1EC1BBA20056370E /* DLSettingConfig.m */,
				7E1B127C1EC1BBA20056370E /* DLUser.h */,
				7E1B127D1EC1BBA20056370E /* DLUser.m */,
			);
			name = Model;
			path = Dolores/Model;
			sourceTree = "<group>";
		};
		7E1B127E1EC1BBA20056370E /* Resource */ = {
			isa = PBXGroup;
			children = (
			);
			name = Resource;
			path = Dolores/Resource;
			sourceTree = "<group>";
		};
		7E1B127F1EC1BBA20056370E /* Service */ = {
			isa = PBXGroup;
			children = (
				7E1B14391EC55BA40056370E /* Contact */,
				7E1B142E1EC54E400056370E /* Network */,
			);
			name = Service;
			path = Dolores/Service;
			sourceTree = "<group>";
		};
		7E1B12801EC1BBA20056370E /* Tool */ = {
			isa = PBXGroup;
			children = (
				7E1B12811EC1BBA20056370E /* Category */,
				7E1B129D1EC1BBA20056370E /* CustomView */,
				7E1B129E1EC1BBA20056370E /* Utils */,
			);
			name = Tool;
			path = Dolores/Tool;
			sourceTree = "<group>";
		};
		7E1B12811EC1BBA20056370E /* Category */ = {
			isa = PBXGroup;
			children = (
				7E1B12821EC1BBA20056370E /* CategoryHeader.h */,
				7E1B12831EC1BBA20056370E /* Foundation */,
				7E1B12861EC1BBA20056370E /* UIKit */,
			);
			path = Category;
			sourceTree = "<group>";
		};
		7E1B12831EC1BBA20056370E /* Foundation */ = {
			isa = PBXGroup;
			children = (
				7E1B12841EC1BBA20056370E /* NSUserDefaults+DLUser.h */,
				7E1B12851EC1BBA20056370E /* NSUserDefaults+DLUser.m */,
				7E1B14401EC58C750056370E /* NSArray+DLAdd.h */,
				7E1B14411EC58C750056370E /* NSArray+DLAdd.m */,
			);
			path = Foundation;
			sourceTree = "<group>";
		};
		7E1B12861EC1BBA20056370E /* UIKit */ = {
			isa = PBXGroup;
			children = (
				7E1B12871EC1BBA20056370E /* MBProgressHUD+VBAdd.h */,
				7E1B12881EC1BBA20056370E /* MBProgressHUD+VBAdd.m */,
				7E1B12891EC1BBA20056370E /* UIBarButtonItem+DLAdd.h */,
				7E1B128A1EC1BBA20056370E /* UIBarButtonItem+DLAdd.m */,
				7E1B128B1EC1BBA20056370E /* UIButton+Addition.h */,
				7E1B128C1EC1BBA20056370E /* UIButton+Addition.m */,
				7E1B128D1EC1BBA20056370E /* UIColor+DLAdd.h */,
				7E1B128E1EC1BBA20056370E /* UIColor+DLAdd.m */,
				7E1B128F1EC1BBA20056370E /* UIFont+Addition.h */,
				7E1B12901EC1BBA20056370E /* UIFont+Addition.m */,
				7E1B12911EC1BBA20056370E /* UIImage+Addition.h */,
				7E1B12921EC1BBA20056370E /* UIImage+Addition.m */,
				7E1B12931EC1BBA20056370E /* UILabel+Addition.h */,
				7E1B12941EC1BBA20056370E /* UILabel+Addition.m */,
				7E1B12951EC1BBA20056370E /* UITableView+Addition.h */,
				7E1B12961EC1BBA20056370E /* UITableView+Addition.m */,
				7E1B12971EC1BBA20056370E /* UITableViewCell+Register.h */,
				7E1B12981EC1BBA20056370E /* UITableViewCell+Register.m */,
				7E1B12991EC1BBA20056370E /* UITextField+Addition.h */,
				7E1B129A1EC1BBA20056370E /* UITextField+Addition.m */,
				7E1B129B1EC1BBA20056370E /* UIView+DLAdd.h */,
				7E1B129C1EC1BBA20056370E /* UIView+DLAdd.m */,
			);
			path = UIKit;
			sourceTree = "<group>";
		};
		7E1B129D1EC1BBA20056370E /* CustomView */ = {
			isa = PBXGroup;
			children = (
			);
			path = CustomView;
			sourceTree = "<group>";
		};
		7E1B129E1EC1BBA20056370E /* Utils */ = {
			isa = PBXGroup;
			children = (
				7E1B129F1EC1BBA20056370E /* DLChatDataHelper.h */,
				7E1B12A01EC1BBA20056370E /* DLChatDataHelper.m */,
			);
			path = Utils;
			sourceTree = "<group>";
		};
		7E1B13C41EC2AC660056370E /* Realm */ = {
			isa = PBXGroup;
			children = (
				7E1B13C51EC2BDC80056370E /* RMCompany.h */,
				7E1B13C61EC2BDC80056370E /* RMCompany.m */,
				7E1B13C81EC2BDFB0056370E /* RMDepartment.h */,
				7E1B13C91EC2BDFB0056370E /* RMDepartment.m */,
				7E1B13CB1EC2BE310056370E /* RMStaff.h */,
				7E1B13CC1EC2BE310056370E /* RMStaff.m */,
				7E1B143D1EC5880C0056370E /* DLDBQueryHelper.h */,
				7E1B143E1EC5880C0056370E /* DLDBQueryHelper.m */,
			);
			path = Realm;
			sourceTree = "<group>";
		};
		7E1B142E1EC54E400056370E /* Network */ = {
			isa = PBXGroup;
			children = (
				7E1B14321EC54F4D0056370E /* DLNetworkService.h */,
				7E1B14331EC54F4D0056370E /* DLNetworkService.m */,
			);
			path = Network;
			sourceTree = "<group>";
		};
		7E1B14351EC55AE50056370E /* BFNetworkActivityLogger */ = {
			isa = PBXGroup;
			children = (
				7E1B14361EC55AE50056370E /* BFNetworkActivityLogger.h */,
				7E1B14371EC55AE50056370E /* BFNetworkActivityLogger.m */,
			);
			path = BFNetworkActivityLogger;
			sourceTree = "<group>";
		};
		7E1B14391EC55BA40056370E /* Contact */ = {
			isa = PBXGroup;
			children = (
				7E1B143A1EC55BB30056370E /* DLContactManager.h */,
				7E1B143B1EC55BB30056370E /* DLContactManager.m */,
			);
			path = Contact;
			sourceTree = "<group>";
		};
		832341AE1AAA6A7D00B99B32 /* Libraries */ = {
			isa = PBXGroup;
			children = (
				5E91572D1DD0AC6500FF2AA8 /* RCTAnimation.xcodeproj */,
				146833FF1AC3E56700842450 /* React.xcodeproj */,
				00C302A71ABCB8CE00DB3ED1 /* RCTActionSheet.xcodeproj */,
				00C302B51ABCB90400DB3ED1 /* RCTGeolocation.xcodeproj */,
				00C302BB1ABCB91800DB3ED1 /* RCTImage.xcodeproj */,
				78C398B01ACF4ADC00677621 /* RCTLinking.xcodeproj */,
				00C302D31ABCB9D200DB3ED1 /* RCTNetwork.xcodeproj */,
				139105B61AF99BAD00B5F7CC /* RCTSettings.xcodeproj */,
				832341B01AAA6A8300B99B32 /* RCTText.xcodeproj */,
				00C302DF1ABCB9EE00DB3ED1 /* RCTVibration.xcodeproj */,
				139FDEE61B06529A00C62182 /* RCTWebSocket.xcodeproj */,
			);
			name = Libraries;
			sourceTree = "<group>";
		};
		832341B11AAA6A8300B99B32 /* Products */ = {
			isa = PBXGroup;
			children = (
				832341B51AAA6A8300B99B32 /* libRCTText.a */,
				3DAD3E941DF850E9000B6D8A /* libRCTText-tvOS.a */,
			);
			name = Products;
			sourceTree = "<group>";
		};
		83CBB9F61A601CBA00E9B192 = {
			isa = PBXGroup;
			children = (
				13B07FAE1A68108700A75B9A /* Dolores */,
				832341AE1AAA6A7D00B99B32 /* Libraries */,
				00E356EF1AD99517003FC87E /* DoloresTests */,
				83CBBA001A601CBA00E9B192 /* Products */,
				1A8AA922985DC4BB19A187AB /* Pods */,
				1E6A5FB1528C4DD0DDEF1733 /* Frameworks */,
			);
			indentWidth = 4;
			sourceTree = "<group>";
			tabWidth = 4;
			usesTabs = 0;
		};
		83CBBA001A601CBA00E9B192 /* Products */ = {
			isa = PBXGroup;
			children = (
				13B07F961A680F5B00A75B9A /* Dolores.app */,
				2D02E47B1E0B4A5D006451C7 /* Dolores-tvOS.app */,
			);
			name = Products;
			sourceTree = "<group>";
		};
/* End PBXGroup section */

/* Begin PBXNativeTarget section */
		13B07F861A680F5B00A75B9A /* Dolores */ = {
			isa = PBXNativeTarget;
			buildConfigurationList = 13B07F931A680F5B00A75B9A /* Build configuration list for PBXNativeTarget "Dolores" */;
			buildPhases = (
				98DFEFC163C78FF8A9EFBC43 /* [CP] Check Pods Manifest.lock */,
				13B07F871A680F5B00A75B9A /* Sources */,
				13B07F8C1A680F5B00A75B9A /* Frameworks */,
				13B07F8E1A680F5B00A75B9A /* Resources */,
				00DD1BFF1BD5951E006B06BC /* Bundle React Native code and images */,
				6EE676A6ECD721A68317C6D0 /* [CP] Embed Pods Frameworks */,
				590417C7810EDF0F07137A59 /* [CP] Copy Pods Resources */,
			);
			buildRules = (
			);
			dependencies = (
			);
			name = Dolores;
			productName = "Hello World";
			productReference = 13B07F961A680F5B00A75B9A /* Dolores.app */;
			productType = "com.apple.product-type.application";
		};
		2D02E47A1E0B4A5D006451C7 /* Dolores-tvOS */ = {
			isa = PBXNativeTarget;
			buildConfigurationList = 2D02E4BA1E0B4A5E006451C7 /* Build configuration list for PBXNativeTarget "Dolores-tvOS" */;
			buildPhases = (
				2D02E4771E0B4A5D006451C7 /* Sources */,
				2D02E4781E0B4A5D006451C7 /* Frameworks */,
				2D02E4791E0B4A5D006451C7 /* Resources */,
				2D02E4CB1E0B4B27006451C7 /* Bundle React Native Code And Images */,
			);
			buildRules = (
			);
			dependencies = (
			);
			name = "Dolores-tvOS";
			productName = "Dolores-tvOS";
			productReference = 2D02E47B1E0B4A5D006451C7 /* Dolores-tvOS.app */;
			productType = "com.apple.product-type.application";
		};
/* End PBXNativeTarget section */

/* Begin PBXProject section */
		83CBB9F71A601CBA00E9B192 /* Project object */ = {
			isa = PBXProject;
			attributes = {
				CLASSPREFIX = DL;
				LastUpgradeCheck = 610;
				ORGANIZATIONNAME = Dolores;
				TargetAttributes = {
					2D02E47A1E0B4A5D006451C7 = {
						CreatedOnToolsVersion = 8.2.1;
						ProvisioningStyle = Automatic;
					};
				};
			};
			buildConfigurationList = 83CBB9FA1A601CBA00E9B192 /* Build configuration list for PBXProject "Dolores" */;
			compatibilityVersion = "Xcode 3.2";
			developmentRegion = English;
			hasScannedForEncodings = 0;
			knownRegions = (
				en,
				Base,
			);
			mainGroup = 83CBB9F61A601CBA00E9B192;
			productRefGroup = 83CBBA001A601CBA00E9B192 /* Products */;
			projectDirPath = "";
			projectReferences = (
				{
					ProductGroup = 00C302A81ABCB8CE00DB3ED1 /* Products */;
					ProjectRef = 00C302A71ABCB8CE00DB3ED1 /* RCTActionSheet.xcodeproj */;
				},
				{
					ProductGroup = 5E91572E1DD0AC6500FF2AA8 /* Products */;
					ProjectRef = 5E91572D1DD0AC6500FF2AA8 /* RCTAnimation.xcodeproj */;
				},
				{
					ProductGroup = 00C302B61ABCB90400DB3ED1 /* Products */;
					ProjectRef = 00C302B51ABCB90400DB3ED1 /* RCTGeolocation.xcodeproj */;
				},
				{
					ProductGroup = 00C302BC1ABCB91800DB3ED1 /* Products */;
					ProjectRef = 00C302BB1ABCB91800DB3ED1 /* RCTImage.xcodeproj */;
				},
				{
					ProductGroup = 78C398B11ACF4ADC00677621 /* Products */;
					ProjectRef = 78C398B01ACF4ADC00677621 /* RCTLinking.xcodeproj */;
				},
				{
					ProductGroup = 00C302D41ABCB9D200DB3ED1 /* Products */;
					ProjectRef = 00C302D31ABCB9D200DB3ED1 /* RCTNetwork.xcodeproj */;
				},
				{
					ProductGroup = 139105B71AF99BAD00B5F7CC /* Products */;
					ProjectRef = 139105B61AF99BAD00B5F7CC /* RCTSettings.xcodeproj */;
				},
				{
					ProductGroup = 832341B11AAA6A8300B99B32 /* Products */;
					ProjectRef = 832341B01AAA6A8300B99B32 /* RCTText.xcodeproj */;
				},
				{
					ProductGroup = 00C302E01ABCB9EE00DB3ED1 /* Products */;
					ProjectRef = 00C302DF1ABCB9EE00DB3ED1 /* RCTVibration.xcodeproj */;
				},
				{
					ProductGroup = 139FDEE71B06529A00C62182 /* Products */;
					ProjectRef = 139FDEE61B06529A00C62182 /* RCTWebSocket.xcodeproj */;
				},
				{
					ProductGroup = 146834001AC3E56700842450 /* Products */;
					ProjectRef = 146833FF1AC3E56700842450 /* React.xcodeproj */;
				},
			);
			projectRoot = "";
			targets = (
				13B07F861A680F5B00A75B9A /* Dolores */,
				2D02E47A1E0B4A5D006451C7 /* Dolores-tvOS */,
			);
		};
/* End PBXProject section */

/* Begin PBXReferenceProxy section */
		00C302AC1ABCB8CE00DB3ED1 /* libRCTActionSheet.a */ = {
			isa = PBXReferenceProxy;
			fileType = archive.ar;
			path = libRCTActionSheet.a;
			remoteRef = 00C302AB1ABCB8CE00DB3ED1 /* PBXContainerItemProxy */;
			sourceTree = BUILT_PRODUCTS_DIR;
		};
		00C302BA1ABCB90400DB3ED1 /* libRCTGeolocation.a */ = {
			isa = PBXReferenceProxy;
			fileType = archive.ar;
			path = libRCTGeolocation.a;
			remoteRef = 00C302B91ABCB90400DB3ED1 /* PBXContainerItemProxy */;
			sourceTree = BUILT_PRODUCTS_DIR;
		};
		00C302C01ABCB91800DB3ED1 /* libRCTImage.a */ = {
			isa = PBXReferenceProxy;
			fileType = archive.ar;
			path = libRCTImage.a;
			remoteRef = 00C302BF1ABCB91800DB3ED1 /* PBXContainerItemProxy */;
			sourceTree = BUILT_PRODUCTS_DIR;
		};
		00C302DC1ABCB9D200DB3ED1 /* libRCTNetwork.a */ = {
			isa = PBXReferenceProxy;
			fileType = archive.ar;
			path = libRCTNetwork.a;
			remoteRef = 00C302DB1ABCB9D200DB3ED1 /* PBXContainerItemProxy */;
			sourceTree = BUILT_PRODUCTS_DIR;
		};
		00C302E41ABCB9EE00DB3ED1 /* libRCTVibration.a */ = {
			isa = PBXReferenceProxy;
			fileType = archive.ar;
			path = libRCTVibration.a;
			remoteRef = 00C302E31ABCB9EE00DB3ED1 /* PBXContainerItemProxy */;
			sourceTree = BUILT_PRODUCTS_DIR;
		};
		139105C11AF99BAD00B5F7CC /* libRCTSettings.a */ = {
			isa = PBXReferenceProxy;
			fileType = archive.ar;
			path = libRCTSettings.a;
			remoteRef = 139105C01AF99BAD00B5F7CC /* PBXContainerItemProxy */;
			sourceTree = BUILT_PRODUCTS_DIR;
		};
		139FDEF41B06529B00C62182 /* libRCTWebSocket.a */ = {
			isa = PBXReferenceProxy;
			fileType = archive.ar;
			path = libRCTWebSocket.a;
			remoteRef = 139FDEF31B06529B00C62182 /* PBXContainerItemProxy */;
			sourceTree = BUILT_PRODUCTS_DIR;
		};
		146834041AC3E56700842450 /* libReact.a */ = {
			isa = PBXReferenceProxy;
			fileType = archive.ar;
			path = libReact.a;
			remoteRef = 146834031AC3E56700842450 /* PBXContainerItemProxy */;
			sourceTree = BUILT_PRODUCTS_DIR;
		};
		3DAD3E841DF850E9000B6D8A /* libRCTImage-tvOS.a */ = {
			isa = PBXReferenceProxy;
			fileType = archive.ar;
			path = "libRCTImage-tvOS.a";
			remoteRef = 3DAD3E831DF850E9000B6D8A /* PBXContainerItemProxy */;
			sourceTree = BUILT_PRODUCTS_DIR;
		};
		3DAD3E881DF850E9000B6D8A /* libRCTLinking-tvOS.a */ = {
			isa = PBXReferenceProxy;
			fileType = archive.ar;
			path = "libRCTLinking-tvOS.a";
			remoteRef = 3DAD3E871DF850E9000B6D8A /* PBXContainerItemProxy */;
			sourceTree = BUILT_PRODUCTS_DIR;
		};
		3DAD3E8C1DF850E9000B6D8A /* libRCTNetwork-tvOS.a */ = {
			isa = PBXReferenceProxy;
			fileType = archive.ar;
			path = "libRCTNetwork-tvOS.a";
			remoteRef = 3DAD3E8B1DF850E9000B6D8A /* PBXContainerItemProxy */;
			sourceTree = BUILT_PRODUCTS_DIR;
		};
		3DAD3E901DF850E9000B6D8A /* libRCTSettings-tvOS.a */ = {
			isa = PBXReferenceProxy;
			fileType = archive.ar;
			path = "libRCTSettings-tvOS.a";
			remoteRef = 3DAD3E8F1DF850E9000B6D8A /* PBXContainerItemProxy */;
			sourceTree = BUILT_PRODUCTS_DIR;
		};
		3DAD3E941DF850E9000B6D8A /* libRCTText-tvOS.a */ = {
			isa = PBXReferenceProxy;
			fileType = archive.ar;
			path = "libRCTText-tvOS.a";
			remoteRef = 3DAD3E931DF850E9000B6D8A /* PBXContainerItemProxy */;
			sourceTree = BUILT_PRODUCTS_DIR;
		};
		3DAD3E991DF850E9000B6D8A /* libRCTWebSocket-tvOS.a */ = {
			isa = PBXReferenceProxy;
			fileType = archive.ar;
			path = "libRCTWebSocket-tvOS.a";
			remoteRef = 3DAD3E981DF850E9000B6D8A /* PBXContainerItemProxy */;
			sourceTree = BUILT_PRODUCTS_DIR;
		};
		3DAD3EA31DF850E9000B6D8A /* libReact.a */ = {
			isa = PBXReferenceProxy;
			fileType = archive.ar;
			path = libReact.a;
			remoteRef = 3DAD3EA21DF850E9000B6D8A /* PBXContainerItemProxy */;
			sourceTree = BUILT_PRODUCTS_DIR;
		};
		3DAD3EA51DF850E9000B6D8A /* libyoga.a */ = {
			isa = PBXReferenceProxy;
			fileType = archive.ar;
			path = libyoga.a;
			remoteRef = 3DAD3EA41DF850E9000B6D8A /* PBXContainerItemProxy */;
			sourceTree = BUILT_PRODUCTS_DIR;
		};
		3DAD3EA71DF850E9000B6D8A /* libyoga.a */ = {
			isa = PBXReferenceProxy;
			fileType = archive.ar;
			path = libyoga.a;
			remoteRef = 3DAD3EA61DF850E9000B6D8A /* PBXContainerItemProxy */;
			sourceTree = BUILT_PRODUCTS_DIR;
		};
		3DAD3EA91DF850E9000B6D8A /* libcxxreact.a */ = {
			isa = PBXReferenceProxy;
			fileType = archive.ar;
			path = libcxxreact.a;
			remoteRef = 3DAD3EA81DF850E9000B6D8A /* PBXContainerItemProxy */;
			sourceTree = BUILT_PRODUCTS_DIR;
		};
		3DAD3EAB1DF850E9000B6D8A /* libcxxreact.a */ = {
			isa = PBXReferenceProxy;
			fileType = archive.ar;
			path = libcxxreact.a;
			remoteRef = 3DAD3EAA1DF850E9000B6D8A /* PBXContainerItemProxy */;
			sourceTree = BUILT_PRODUCTS_DIR;
		};
		3DAD3EAD1DF850E9000B6D8A /* libjschelpers.a */ = {
			isa = PBXReferenceProxy;
			fileType = archive.ar;
			path = libjschelpers.a;
			remoteRef = 3DAD3EAC1DF850E9000B6D8A /* PBXContainerItemProxy */;
			sourceTree = BUILT_PRODUCTS_DIR;
		};
		3DAD3EAF1DF850E9000B6D8A /* libjschelpers.a */ = {
			isa = PBXReferenceProxy;
			fileType = archive.ar;
			path = libjschelpers.a;
			remoteRef = 3DAD3EAE1DF850E9000B6D8A /* PBXContainerItemProxy */;
			sourceTree = BUILT_PRODUCTS_DIR;
		};
		5E9157331DD0AC6500FF2AA8 /* libRCTAnimation.a */ = {
			isa = PBXReferenceProxy;
			fileType = archive.ar;
			path = libRCTAnimation.a;
			remoteRef = 5E9157321DD0AC6500FF2AA8 /* PBXContainerItemProxy */;
			sourceTree = BUILT_PRODUCTS_DIR;
		};
		5E9157351DD0AC6500FF2AA8 /* libRCTAnimation.a */ = {
			isa = PBXReferenceProxy;
			fileType = archive.ar;
			path = libRCTAnimation.a;
			remoteRef = 5E9157341DD0AC6500FF2AA8 /* PBXContainerItemProxy */;
			sourceTree = BUILT_PRODUCTS_DIR;
		};
		78C398B91ACF4ADC00677621 /* libRCTLinking.a */ = {
			isa = PBXReferenceProxy;
			fileType = archive.ar;
			path = libRCTLinking.a;
			remoteRef = 78C398B81ACF4ADC00677621 /* PBXContainerItemProxy */;
			sourceTree = BUILT_PRODUCTS_DIR;
		};
		832341B51AAA6A8300B99B32 /* libRCTText.a */ = {
			isa = PBXReferenceProxy;
			fileType = archive.ar;
			path = libRCTText.a;
			remoteRef = 832341B41AAA6A8300B99B32 /* PBXContainerItemProxy */;
			sourceTree = BUILT_PRODUCTS_DIR;
		};
/* End PBXReferenceProxy section */

/* Begin PBXResourcesBuildPhase section */
		13B07F8E1A680F5B00A75B9A /* Resources */ = {
			isa = PBXResourcesBuildPhase;
			buildActionMask = 2147483647;
			files = (
				7E1B12F31EC1BD7D0056370E /* Launch Screen.storyboard in Resources */,
				7E1B12A71EC1BBA20056370E /* Assets.xcassets in Resources */,
				7E1B12A21EC1BBA20056370E /* DateTools.bundle in Resources */,
			);
			runOnlyForDeploymentPostprocessing = 0;
		};
		2D02E4791E0B4A5D006451C7 /* Resources */ = {
			isa = PBXResourcesBuildPhase;
			buildActionMask = 2147483647;
			files = (
			);
			runOnlyForDeploymentPostprocessing = 0;
		};
/* End PBXResourcesBuildPhase section */

/* Begin PBXShellScriptBuildPhase section */
		00DD1BFF1BD5951E006B06BC /* Bundle React Native code and images */ = {
			isa = PBXShellScriptBuildPhase;
			buildActionMask = 2147483647;
			files = (
			);
			inputPaths = (
			);
			name = "Bundle React Native code and images";
			outputPaths = (
			);
			runOnlyForDeploymentPostprocessing = 0;
			shellPath = /bin/sh;
			shellScript = "export NODE_BINARY=node\n../node_modules/react-native/packager/react-native-xcode.sh";
		};
		2D02E4CB1E0B4B27006451C7 /* Bundle React Native Code And Images */ = {
			isa = PBXShellScriptBuildPhase;
			buildActionMask = 2147483647;
			files = (
			);
			inputPaths = (
			);
			name = "Bundle React Native Code And Images";
			outputPaths = (
			);
			runOnlyForDeploymentPostprocessing = 0;
			shellPath = /bin/sh;
			shellScript = "export NODE_BINARY=node\n../node_modules/react-native/packager/react-native-xcode.sh";
		};
		590417C7810EDF0F07137A59 /* [CP] Copy Pods Resources */ = {
			isa = PBXShellScriptBuildPhase;
			buildActionMask = 2147483647;
			files = (
			);
			inputPaths = (
			);
			name = "[CP] Copy Pods Resources";
			outputPaths = (
			);
			runOnlyForDeploymentPostprocessing = 0;
			shellPath = /bin/sh;
			shellScript = "\"${SRCROOT}/Pods/Target Support Files/Pods-Dolores/Pods-Dolores-resources.sh\"\n";
			showEnvVarsInLog = 0;
		};
		6EE676A6ECD721A68317C6D0 /* [CP] Embed Pods Frameworks */ = {
			isa = PBXShellScriptBuildPhase;
			buildActionMask = 2147483647;
			files = (
			);
			inputPaths = (
			);
			name = "[CP] Embed Pods Frameworks";
			outputPaths = (
			);
			runOnlyForDeploymentPostprocessing = 0;
			shellPath = /bin/sh;
			shellScript = "\"${SRCROOT}/Pods/Target Support Files/Pods-Dolores/Pods-Dolores-frameworks.sh\"\n";
			showEnvVarsInLog = 0;
		};
		98DFEFC163C78FF8A9EFBC43 /* [CP] Check Pods Manifest.lock */ = {
			isa = PBXShellScriptBuildPhase;
			buildActionMask = 2147483647;
			files = (
			);
			inputPaths = (
			);
			name = "[CP] Check Pods Manifest.lock";
			outputPaths = (
			);
			runOnlyForDeploymentPostprocessing = 0;
			shellPath = /bin/sh;
			shellScript = "diff \"${PODS_ROOT}/../Podfile.lock\" \"${PODS_ROOT}/Manifest.lock\" > /dev/null\nif [ $? != 0 ] ; then\n    # print error to STDERR\n    echo \"error: The sandbox is not in sync with the Podfile.lock. Run 'pod install' or update your CocoaPods installation.\" >&2\n    exit 1\nfi\n";
			showEnvVarsInLog = 0;
		};
/* End PBXShellScriptBuildPhase section */

/* Begin PBXSourcesBuildPhase section */
		13B07F871A680F5B00A75B9A /* Sources */ = {
			isa = PBXSourcesBuildPhase;
			buildActionMask = 2147483647;
			files = (
				7E1B12C31EC1BBA20056370E /* UIBarButtonItem+DLAdd.m in Sources */,
				7E1B12BB1EC1BBA20056370E /* DLLogoutCell.m in Sources */,
				7E1B12B11EC1BBA20056370E /* DLContactCell.m in Sources */,
				7E1B12CB1EC1BBA20056370E /* UITextField+Addition.m in Sources */,
				7E1B12BF1EC1BBA20056370E /* DLSettingConfig.m in Sources */,
				7E1B12C41EC1BBA20056370E /* UIButton+Addition.m in Sources */,
				7E1B12B01EC1BBA20056370E /* DLContactListController.m in Sources */,
				7E1B12CD1EC1BBA20056370E /* DLChatDataHelper.m in Sources */,
				7E1B12CA1EC1BBA20056370E /* UITableViewCell+Register.m in Sources */,
				7E1B12C11EC1BBA20056370E /* NSUserDefaults+DLUser.m in Sources */,
				7E1B12C51EC1BBA20056370E /* UIColor+DLAdd.m in Sources */,
				7E1B12A91EC1BBA20056370E /* DLChatController.m in Sources */,
				7E1B13CD1EC2BE310056370E /* RMStaff.m in Sources */,
				7E1B12AB1EC1BBA20056370E /* DLConversationListController.m in Sources */,
				7E1B12C01EC1BBA20056370E /* DLUser.m in Sources */,
				7E1B12BE1EC1BBA20056370E /* DLMessageModel.m in Sources */,
				7E1B12AC1EC1BBA20056370E /* DLSearchResultController.m in Sources */,
				7E1B12CC1EC1BBA20056370E /* UIView+DLAdd.m in Sources */,
				7E1B12B51EC1BBA20056370E /* DLRegisterController.m in Sources */,
				7E1B12B71EC1BBA20056370E /* DLRNTestController.m in Sources */,
				7E1B12AD1EC1BBA20056370E /* DLBaseSettingCell.m in Sources */,
				7E1B143F1EC5880C0056370E /* DLDBQueryHelper.m in Sources */,
				7E1B13CA1EC2BDFB0056370E /* RMDepartment.m in Sources */,
				7E1B12A41EC1BBA20056370E /* DTError.m in Sources */,
				7E1B12C91EC1BBA20056370E /* UITableView+Addition.m in Sources */,
				7E1B12AF1EC1BBA20056370E /* DLAddContactController.m in Sources */,
				7E1B14421EC58C750056370E /* NSArray+DLAdd.m in Sources */,
				7E1B12AA1EC1BBA20056370E /* DLChatDetailController.m in Sources */,
				7E1B12C71EC1BBA20056370E /* UIImage+Addition.m in Sources */,
				7E1B12B81EC1BBA20056370E /* DLBaseViewController.m in Sources */,
				7E1B12A11EC1BBA20056370E /* UINavigationController+FDFullscreenPopGesture.m in Sources */,
				7E1B12A31EC1BBA20056370E /* DTConstants.m in Sources */,
				7E1B12BA1EC1BBA20056370E /* DLMineController.m in Sources */,
				7E1B12B41EC1BBA20056370E /* DLLoginController.m in Sources */,
				7E1B143C1EC55BB30056370E /* DLContactManager.m in Sources */,
				7E1B14381EC55AE50056370E /* BFNetworkActivityLogger.m in Sources */,
				7E1B12B21EC1BBA20056370E /* DLContactSectionHeader.m in Sources */,
				7E1B14341EC54F4D0056370E /* DLNetworkService.m in Sources */,
				7E1B12B61EC1BBA20056370E /* DLBridgeManager.m in Sources */,
				13B07FBC1A68108700A75B9A /* AppDelegate.m in Sources */,
				7E1B12BD1EC1BBA20056370E /* DLConversationModel.m in Sources */,
				7E1B13C71EC2BDC80056370E /* RMCompany.m in Sources */,
				7E1B12C81EC1BBA20056370E /* UILabel+Addition.m in Sources */,
				7E1B12A51EC1BBA20056370E /* NSDate+DateTools.m in Sources */,
				13B07FC11A68108700A75B9A /* main.m in Sources */,
				7E1B12C21EC1BBA20056370E /* MBProgressHUD+VBAdd.m in Sources */,
				7E1B12B91EC1BBA20056370E /* DLRootTabController.m in Sources */,
				7E1B12A61EC1BBA20056370E /* UIFloatLabelTextField.m in Sources */,
				7E1B12AE1EC1BBA20056370E /* DLNetStatusView.m in Sources */,
				7E1B12A81EC1BBA20056370E /* DLAddMemberController.m in Sources */,
				7E1B12B31EC1BBA20056370E /* DLSelectContactCell.m in Sources */,
				7E1B12C61EC1BBA20056370E /* UIFont+Addition.m in Sources */,
			);
			runOnlyForDeploymentPostprocessing = 0;
		};
		2D02E4771E0B4A5D006451C7 /* Sources */ = {
			isa = PBXSourcesBuildPhase;
			buildActionMask = 2147483647;
			files = (
				2D02E4BF1E0B4AB3006451C7 /* main.m in Sources */,
				2D02E4BC1E0B4A80006451C7 /* AppDelegate.m in Sources */,
			);
			runOnlyForDeploymentPostprocessing = 0;
		};
/* End PBXSourcesBuildPhase section */

/* Begin XCBuildConfiguration section */
		13B07F941A680F5B00A75B9A /* Debug */ = {
			isa = XCBuildConfiguration;
			baseConfigurationReference = 19A89C54A2EF69ABB85570CA /* Pods-Dolores.debug.xcconfig */;
			buildSettings = {
				ASSETCATALOG_COMPILER_APPICON_NAME = AppIcon;
				ASSETCATALOG_COMPILER_LAUNCHIMAGE_NAME = LaunchImage;
				CURRENT_PROJECT_VERSION = 1;
				DEAD_CODE_STRIPPING = NO;
				GCC_PREFIX_HEADER = Dolores/Header/Dolores.pch;
				HEADER_SEARCH_PATHS = "$(inherited)";
				INFOPLIST_FILE = Dolores/Info.plist;
				LD_RUNPATH_SEARCH_PATHS = "$(inherited) @executable_path/Frameworks";
				OTHER_LDFLAGS = (
					"$(inherited)",
					"-ObjC",
					"-lc++",
				);
				PRODUCT_BUNDLE_IDENTIFIER = com.heathwang.dolores;
				PRODUCT_NAME = Dolores;
				TARGETED_DEVICE_FAMILY = 1;
				VERSIONING_SYSTEM = "apple-generic";
			};
			name = Debug;
		};
		13B07F951A680F5B00A75B9A /* Release */ = {
			isa = XCBuildConfiguration;
			baseConfigurationReference = E85F2F4B3F629AC920777B97 /* Pods-Dolores.release.xcconfig */;
			buildSettings = {
				ASSETCATALOG_COMPILER_APPICON_NAME = AppIcon;
				ASSETCATALOG_COMPILER_LAUNCHIMAGE_NAME = LaunchImage;
				CURRENT_PROJECT_VERSION = 1;
				GCC_PREFIX_HEADER = Dolores/Header/Dolores.pch;
				HEADER_SEARCH_PATHS = "$(inherited)";
				INFOPLIST_FILE = Dolores/Info.plist;
				LD_RUNPATH_SEARCH_PATHS = "$(inherited) @executable_path/Frameworks";
				OTHER_LDFLAGS = (
					"$(inherited)",
					"-ObjC",
					"-lc++",
				);
				PRODUCT_BUNDLE_IDENTIFIER = com.heathwang.dolores;
				PRODUCT_NAME = Dolores;
				TARGETED_DEVICE_FAMILY = 1;
				VERSIONING_SYSTEM = "apple-generic";
			};
			name = Release;
		};
		2D02E4971E0B4A5E006451C7 /* Debug */ = {
			isa = XCBuildConfiguration;
			buildSettings = {
				ASSETCATALOG_COMPILER_APPICON_NAME = "App Icon & Top Shelf Image";
				ASSETCATALOG_COMPILER_LAUNCHIMAGE_NAME = LaunchImage;
				CLANG_ANALYZER_NONNULL = YES;
				CLANG_WARN_DOCUMENTATION_COMMENTS = YES;
				CLANG_WARN_INFINITE_RECURSION = YES;
				CLANG_WARN_SUSPICIOUS_MOVE = YES;
				DEBUG_INFORMATION_FORMAT = dwarf;
				ENABLE_TESTABILITY = YES;
				GCC_NO_COMMON_BLOCKS = YES;
				HEADER_SEARCH_PATHS = "$(inherited)";
				INFOPLIST_FILE = "Dolores-tvOS/Info.plist";
				LD_RUNPATH_SEARCH_PATHS = "$(inherited) @executable_path/Frameworks";
				LIBRARY_SEARCH_PATHS = "$(inherited)";
				OTHER_LDFLAGS = (
					"-ObjC",
					"-lc++",
				);
				PRODUCT_BUNDLE_IDENTIFIER = "com.facebook.REACT.Dolores-tvOS";
				PRODUCT_NAME = "$(TARGET_NAME)";
				SDKROOT = appletvos;
				TARGETED_DEVICE_FAMILY = 3;
				TVOS_DEPLOYMENT_TARGET = 9.2;
			};
			name = Debug;
		};
		2D02E4981E0B4A5E006451C7 /* Release */ = {
			isa = XCBuildConfiguration;
			buildSettings = {
				ASSETCATALOG_COMPILER_APPICON_NAME = "App Icon & Top Shelf Image";
				ASSETCATALOG_COMPILER_LAUNCHIMAGE_NAME = LaunchImage;
				CLANG_ANALYZER_NONNULL = YES;
				CLANG_WARN_DOCUMENTATION_COMMENTS = YES;
				CLANG_WARN_INFINITE_RECURSION = YES;
				CLANG_WARN_SUSPICIOUS_MOVE = YES;
				COPY_PHASE_STRIP = NO;
				DEBUG_INFORMATION_FORMAT = "dwarf-with-dsym";
				GCC_NO_COMMON_BLOCKS = YES;
				HEADER_SEARCH_PATHS = "$(inherited)";
				INFOPLIST_FILE = "Dolores-tvOS/Info.plist";
				LD_RUNPATH_SEARCH_PATHS = "$(inherited) @executable_path/Frameworks";
				LIBRARY_SEARCH_PATHS = "$(inherited)";
				OTHER_LDFLAGS = (
					"-ObjC",
					"-lc++",
				);
				PRODUCT_BUNDLE_IDENTIFIER = "com.facebook.REACT.Dolores-tvOS";
				PRODUCT_NAME = "$(TARGET_NAME)";
				SDKROOT = appletvos;
				TARGETED_DEVICE_FAMILY = 3;
				TVOS_DEPLOYMENT_TARGET = 9.2;
			};
			name = Release;
		};
		83CBBA201A601CBA00E9B192 /* Debug */ = {
			isa = XCBuildConfiguration;
			buildSettings = {
				ALWAYS_SEARCH_USER_PATHS = NO;
				CLANG_CXX_LANGUAGE_STANDARD = "gnu++0x";
				CLANG_CXX_LIBRARY = "libc++";
				CLANG_ENABLE_MODULES = YES;
				CLANG_ENABLE_OBJC_ARC = YES;
				CLANG_WARN_BOOL_CONVERSION = YES;
				CLANG_WARN_CONSTANT_CONVERSION = YES;
				CLANG_WARN_DIRECT_OBJC_ISA_USAGE = YES_ERROR;
				CLANG_WARN_EMPTY_BODY = YES;
				CLANG_WARN_ENUM_CONVERSION = YES;
				CLANG_WARN_INT_CONVERSION = YES;
				CLANG_WARN_OBJC_ROOT_CLASS = YES_ERROR;
				CLANG_WARN_UNREACHABLE_CODE = YES;
				CLANG_WARN__DUPLICATE_METHOD_MATCH = YES;
				"CODE_SIGN_IDENTITY[sdk=iphoneos*]" = "iPhone Developer";
				COPY_PHASE_STRIP = NO;
				ENABLE_STRICT_OBJC_MSGSEND = YES;
				GCC_C_LANGUAGE_STANDARD = gnu99;
				GCC_DYNAMIC_NO_PIC = NO;
				GCC_OPTIMIZATION_LEVEL = 0;
				GCC_PREPROCESSOR_DEFINITIONS = (
					"DEBUG=1",
					"$(inherited)",
				);
				GCC_SYMBOLS_PRIVATE_EXTERN = NO;
				GCC_WARN_64_TO_32_BIT_CONVERSION = YES;
				GCC_WARN_ABOUT_RETURN_TYPE = YES_ERROR;
				GCC_WARN_UNDECLARED_SELECTOR = YES;
				GCC_WARN_UNINITIALIZED_AUTOS = YES_AGGRESSIVE;
				GCC_WARN_UNUSED_FUNCTION = YES;
				GCC_WARN_UNUSED_VARIABLE = YES;
				IPHONEOS_DEPLOYMENT_TARGET = 8.0;
				MTL_ENABLE_DEBUG_INFO = YES;
				ONLY_ACTIVE_ARCH = YES;
				SDKROOT = iphoneos;
			};
			name = Debug;
		};
		83CBBA211A601CBA00E9B192 /* Release */ = {
			isa = XCBuildConfiguration;
			buildSettings = {
				ALWAYS_SEARCH_USER_PATHS = NO;
				CLANG_CXX_LANGUAGE_STANDARD = "gnu++0x";
				CLANG_CXX_LIBRARY = "libc++";
				CLANG_ENABLE_MODULES = YES;
				CLANG_ENABLE_OBJC_ARC = YES;
				CLANG_WARN_BOOL_CONVERSION = YES;
				CLANG_WARN_CONSTANT_CONVERSION = YES;
				CLANG_WARN_DIRECT_OBJC_ISA_USAGE = YES_ERROR;
				CLANG_WARN_EMPTY_BODY = YES;
				CLANG_WARN_ENUM_CONVERSION = YES;
				CLANG_WARN_INT_CONVERSION = YES;
				CLANG_WARN_OBJC_ROOT_CLASS = YES_ERROR;
				CLANG_WARN_UNREACHABLE_CODE = YES;
				CLANG_WARN__DUPLICATE_METHOD_MATCH = YES;
				"CODE_SIGN_IDENTITY[sdk=iphoneos*]" = "iPhone Developer";
				COPY_PHASE_STRIP = YES;
				ENABLE_NS_ASSERTIONS = NO;
				ENABLE_STRICT_OBJC_MSGSEND = YES;
				GCC_C_LANGUAGE_STANDARD = gnu99;
				GCC_WARN_64_TO_32_BIT_CONVERSION = YES;
				GCC_WARN_ABOUT_RETURN_TYPE = YES_ERROR;
				GCC_WARN_UNDECLARED_SELECTOR = YES;
				GCC_WARN_UNINITIALIZED_AUTOS = YES_AGGRESSIVE;
				GCC_WARN_UNUSED_FUNCTION = YES;
				GCC_WARN_UNUSED_VARIABLE = YES;
				IPHONEOS_DEPLOYMENT_TARGET = 8.0;
				MTL_ENABLE_DEBUG_INFO = NO;
				SDKROOT = iphoneos;
				VALIDATE_PRODUCT = YES;
			};
			name = Release;
		};
/* End XCBuildConfiguration section */

/* Begin XCConfigurationList section */
		13B07F931A680F5B00A75B9A /* Build configuration list for PBXNativeTarget "Dolores" */ = {
			isa = XCConfigurationList;
			buildConfigurations = (
				13B07F941A680F5B00A75B9A /* Debug */,
				13B07F951A680F5B00A75B9A /* Release */,
			);
			defaultConfigurationIsVisible = 0;
			defaultConfigurationName = Release;
		};
		2D02E4BA1E0B4A5E006451C7 /* Build configuration list for PBXNativeTarget "Dolores-tvOS" */ = {
			isa = XCConfigurationList;
			buildConfigurations = (
				2D02E4971E0B4A5E006451C7 /* Debug */,
				2D02E4981E0B4A5E006451C7 /* Release */,
			);
			defaultConfigurationIsVisible = 0;
			defaultConfigurationName = Release;
		};
		83CBB9FA1A601CBA00E9B192 /* Build configuration list for PBXProject "Dolores" */ = {
			isa = XCConfigurationList;
			buildConfigurations = (
				83CBBA201A601CBA00E9B192 /* Debug */,
				83CBBA211A601CBA00E9B192 /* Release */,
			);
			defaultConfigurationIsVisible = 0;
			defaultConfigurationName = Release;
		};
/* End XCConfigurationList section */
	};
	rootObject = 83CBB9F71A601CBA00E9B192 /* Project object */;
}
