// !$*UTF8*$!
{
	archiveVersion = 1;
	classes = {
	};
	objectVersion = 46;
	objects = {

/* Begin PBXBuildFile section */
		3637B5AED29C731386D178D5 /* libPods-Dolores.a in Frameworks */ = {isa = PBXBuildFile; fileRef = B9F62CEB6D705374457FE907 /* libPods-Dolores.a */; };
		7E19F83E1EADA0E800F05460 /* DLLoginController.m in Sources */ = {isa = PBXBuildFile; fileRef = 7E19F83D1EADA0E800F05460 /* DLLoginController.m */; };
		7E19F8411EADA0FC00F05460 /* DLRegisterController.m in Sources */ = {isa = PBXBuildFile; fileRef = 7E19F8401EADA0FC00F05460 /* DLRegisterController.m */; };
		7E19F8641EADCA9900F05460 /* UIBarButtonItem+DLAdd.m in Sources */ = {isa = PBXBuildFile; fileRef = 7E19F8631EADCA9900F05460 /* UIBarButtonItem+DLAdd.m */; };
		7E19F8671EADD26500F05460 /* UIView+DLAdd.m in Sources */ = {isa = PBXBuildFile; fileRef = 7E19F8661EADD26500F05460 /* UIView+DLAdd.m */; };
		7E19F86B1EADD83F00F05460 /* UINavigationController+FDFullscreenPopGesture.m in Sources */ = {isa = PBXBuildFile; fileRef = 7E19F86A1EADD83F00F05460 /* UINavigationController+FDFullscreenPopGesture.m */; };
		7E19F86E1EADD97100F05460 /* MBProgressHUD+VBAdd.m in Sources */ = {isa = PBXBuildFile; fileRef = 7E19F86D1EADD97100F05460 /* MBProgressHUD+VBAdd.m */; };
		7E19F8721EADE4A000F05460 /* DLLogoutCell.m in Sources */ = {isa = PBXBuildFile; fileRef = 7E19F8711EADE4A000F05460 /* DLLogoutCell.m */; };
		7E19F8751EADE5D600F05460 /* UIColor+DLAdd.m in Sources */ = {isa = PBXBuildFile; fileRef = 7E19F8741EADE5D600F05460 /* UIColor+DLAdd.m */; };
		7E19F8791EADFEAF00F05460 /* DLNetStatusView.m in Sources */ = {isa = PBXBuildFile; fileRef = 7E19F8781EADFEAF00F05460 /* DLNetStatusView.m */; };
		7E19F87C1EAE2EB900F05460 /* DLAddContactController.m in Sources */ = {isa = PBXBuildFile; fileRef = 7E19F87B1EAE2EB900F05460 /* DLAddContactController.m */; };
		7E19F87F1EAE3B7E00F05460 /* DLChatController.m in Sources */ = {isa = PBXBuildFile; fileRef = 7E19F87E1EAE3B7E00F05460 /* DLChatController.m */; };
		7E19F8821EAE3F8200F05460 /* DLConversationModel.m in Sources */ = {isa = PBXBuildFile; fileRef = 7E19F8811EAE3F8200F05460 /* DLConversationModel.m */; };
		7E19F88B1EAF30DE00F05460 /* DLMessageModel.m in Sources */ = {isa = PBXBuildFile; fileRef = 7E19F88A1EAF30DE00F05460 /* DLMessageModel.m */; };
		7E19F88F1EAF868D00F05460 /* DLContactCell.m in Sources */ = {isa = PBXBuildFile; fileRef = 7E19F88E1EAF868D00F05460 /* DLContactCell.m */; };
		7E19F8921EAF8C5300F05460 /* DLContactSectionHeader.m in Sources */ = {isa = PBXBuildFile; fileRef = 7E19F8911EAF8C5300F05460 /* DLContactSectionHeader.m */; };
		7ED2566E1EA4E923007CB655 /* main.m in Sources */ = {isa = PBXBuildFile; fileRef = 7ED2566D1EA4E923007CB655 /* main.m */; };
		7ED256711EA4E923007CB655 /* AppDelegate.m in Sources */ = {isa = PBXBuildFile; fileRef = 7ED256701EA4E923007CB655 /* AppDelegate.m */; };
		7ED256791EA4E923007CB655 /* Assets.xcassets in Resources */ = {isa = PBXBuildFile; fileRef = 7ED256781EA4E923007CB655 /* Assets.xcassets */; };
		7ED2567C1EA4E923007CB655 /* LaunchScreen.storyboard in Resources */ = {isa = PBXBuildFile; fileRef = 7ED2567A1EA4E923007CB655 /* LaunchScreen.storyboard */; };
		7ED256A61EA5E559007CB655 /* UIButton+Addition.m in Sources */ = {isa = PBXBuildFile; fileRef = 7ED256971EA5E559007CB655 /* UIButton+Addition.m */; };
		7ED256A81EA5E559007CB655 /* UIImage+Addition.m in Sources */ = {isa = PBXBuildFile; fileRef = 7ED2569B1EA5E559007CB655 /* UIImage+Addition.m */; };
		7ED256A91EA5E559007CB655 /* UILabel+Addition.m in Sources */ = {isa = PBXBuildFile; fileRef = 7ED2569D1EA5E559007CB655 /* UILabel+Addition.m */; };
		7ED256AA1EA5E559007CB655 /* UITableView+Addition.m in Sources */ = {isa = PBXBuildFile; fileRef = 7ED2569F1EA5E559007CB655 /* UITableView+Addition.m */; };
		7ED256AB1EA5E559007CB655 /* UITableViewCell+Register.m in Sources */ = {isa = PBXBuildFile; fileRef = 7ED256A11EA5E559007CB655 /* UITableViewCell+Register.m */; };
		7ED256AC1EA5E559007CB655 /* UITextField+Addition.m in Sources */ = {isa = PBXBuildFile; fileRef = 7ED256A31EA5E559007CB655 /* UITextField+Addition.m */; };
		7ED256B51EA5E616007CB655 /* DateTools.bundle in Resources */ = {isa = PBXBuildFile; fileRef = 7ED256AE1EA5E616007CB655 /* DateTools.bundle */; };
		7ED256B61EA5E616007CB655 /* DTConstants.m in Sources */ = {isa = PBXBuildFile; fileRef = 7ED256B01EA5E616007CB655 /* DTConstants.m */; };
		7ED256B71EA5E616007CB655 /* DTError.m in Sources */ = {isa = PBXBuildFile; fileRef = 7ED256B21EA5E616007CB655 /* DTError.m */; };
		7ED256B81EA5E616007CB655 /* NSDate+DateTools.m in Sources */ = {isa = PBXBuildFile; fileRef = 7ED256B41EA5E616007CB655 /* NSDate+DateTools.m */; };
		7ED256BB1EA5E634007CB655 /* UIFont+Addition.m in Sources */ = {isa = PBXBuildFile; fileRef = 7ED256BA1EA5E634007CB655 /* UIFont+Addition.m */; };
		7ED256C21EA65A9E007CB655 /* DLConversationListController.m in Sources */ = {isa = PBXBuildFile; fileRef = 7ED256C11EA65A9E007CB655 /* DLConversationListController.m */; };
		7ED256C61EA65BB4007CB655 /* DLRootTabController.m in Sources */ = {isa = PBXBuildFile; fileRef = 7ED256C51EA65BB4007CB655 /* DLRootTabController.m */; };
		7ED256C91EA65C82007CB655 /* DLMineController.m in Sources */ = {isa = PBXBuildFile; fileRef = 7ED256C81EA65C82007CB655 /* DLMineController.m */; };
		7ED256CC1EA65D0A007CB655 /* DLContactListController.m in Sources */ = {isa = PBXBuildFile; fileRef = 7ED256CB1EA65D0A007CB655 /* DLContactListController.m */; };
		7ED256CF1EA65D88007CB655 /* DLBaseViewController.m in Sources */ = {isa = PBXBuildFile; fileRef = 7ED256CE1EA65D88007CB655 /* DLBaseViewController.m */; };
		7ED256D21EA6F170007CB655 /* NSUserDefaults+DLUser.m in Sources */ = {isa = PBXBuildFile; fileRef = 7ED256D11EA6F170007CB655 /* NSUserDefaults+DLUser.m */; };
		7ED256D61EA6F52F007CB655 /* UIFloatLabelTextField.m in Sources */ = {isa = PBXBuildFile; fileRef = 7ED256D51EA6F52F007CB655 /* UIFloatLabelTextField.m */; };
/* End PBXBuildFile section */

/* Begin PBXFileReference section */
		4B4F45CD6554AB06F89198FA /* Pods-Dolores.release.xcconfig */ = {isa = PBXFileReference; includeInIndex = 1; lastKnownFileType = text.xcconfig; name = "Pods-Dolores.release.xcconfig"; path = "Pods/Target Support Files/Pods-Dolores/Pods-Dolores.release.xcconfig"; sourceTree = "<group>"; };
		68364FDFDA73B1383120CF88 /* Pods-Dolores.debug.xcconfig */ = {isa = PBXFileReference; includeInIndex = 1; lastKnownFileType = text.xcconfig; name = "Pods-Dolores.debug.xcconfig"; path = "Pods/Target Support Files/Pods-Dolores/Pods-Dolores.debug.xcconfig"; sourceTree = "<group>"; };
		7E19F83C1EADA0E800F05460 /* DLLoginController.h */ = {isa = PBXFileReference; fileEncoding = 4; lastKnownFileType = sourcecode.c.h; path = DLLoginController.h; sourceTree = "<group>"; };
		7E19F83D1EADA0E800F05460 /* DLLoginController.m */ = {isa = PBXFileReference; fileEncoding = 4; lastKnownFileType = sourcecode.c.objc; path = DLLoginController.m; sourceTree = "<group>"; };
		7E19F83F1EADA0FC00F05460 /* DLRegisterController.h */ = {isa = PBXFileReference; fileEncoding = 4; lastKnownFileType = sourcecode.c.h; path = DLRegisterController.h; sourceTree = "<group>"; };
		7E19F8401EADA0FC00F05460 /* DLRegisterController.m */ = {isa = PBXFileReference; fileEncoding = 4; lastKnownFileType = sourcecode.c.objc; path = DLRegisterController.m; sourceTree = "<group>"; };
		7E19F8621EADCA9900F05460 /* UIBarButtonItem+DLAdd.h */ = {isa = PBXFileReference; fileEncoding = 4; lastKnownFileType = sourcecode.c.h; path = "UIBarButtonItem+DLAdd.h"; sourceTree = "<group>"; };
		7E19F8631EADCA9900F05460 /* UIBarButtonItem+DLAdd.m */ = {isa = PBXFileReference; fileEncoding = 4; lastKnownFileType = sourcecode.c.objc; path = "UIBarButtonItem+DLAdd.m"; sourceTree = "<group>"; };
		7E19F8651EADD26500F05460 /* UIView+DLAdd.h */ = {isa = PBXFileReference; fileEncoding = 4; lastKnownFileType = sourcecode.c.h; path = "UIView+DLAdd.h"; sourceTree = "<group>"; };
		7E19F8661EADD26500F05460 /* UIView+DLAdd.m */ = {isa = PBXFileReference; fileEncoding = 4; lastKnownFileType = sourcecode.c.objc; path = "UIView+DLAdd.m"; sourceTree = "<group>"; };
		7E19F8691EADD83F00F05460 /* UINavigationController+FDFullscreenPopGesture.h */ = {isa = PBXFileReference; fileEncoding = 4; lastKnownFileType = sourcecode.c.h; path = "UINavigationController+FDFullscreenPopGesture.h"; sourceTree = "<group>"; };
		7E19F86A1EADD83F00F05460 /* UINavigationController+FDFullscreenPopGesture.m */ = {isa = PBXFileReference; fileEncoding = 4; lastKnownFileType = sourcecode.c.objc; path = "UINavigationController+FDFullscreenPopGesture.m"; sourceTree = "<group>"; };
		7E19F86C1EADD97100F05460 /* MBProgressHUD+VBAdd.h */ = {isa = PBXFileReference; fileEncoding = 4; lastKnownFileType = sourcecode.c.h; path = "MBProgressHUD+VBAdd.h"; sourceTree = "<group>"; };
		7E19F86D1EADD97100F05460 /* MBProgressHUD+VBAdd.m */ = {isa = PBXFileReference; fileEncoding = 4; lastKnownFileType = sourcecode.c.objc; path = "MBProgressHUD+VBAdd.m"; sourceTree = "<group>"; };
		7E19F8701EADE4A000F05460 /* DLLogoutCell.h */ = {isa = PBXFileReference; fileEncoding = 4; lastKnownFileType = sourcecode.c.h; path = DLLogoutCell.h; sourceTree = "<group>"; };
		7E19F8711EADE4A000F05460 /* DLLogoutCell.m */ = {isa = PBXFileReference; fileEncoding = 4; lastKnownFileType = sourcecode.c.objc; path = DLLogoutCell.m; sourceTree = "<group>"; };
		7E19F8731EADE5D600F05460 /* UIColor+DLAdd.h */ = {isa = PBXFileReference; fileEncoding = 4; lastKnownFileType = sourcecode.c.h; path = "UIColor+DLAdd.h"; sourceTree = "<group>"; };
		7E19F8741EADE5D600F05460 /* UIColor+DLAdd.m */ = {isa = PBXFileReference; fileEncoding = 4; lastKnownFileType = sourcecode.c.objc; path = "UIColor+DLAdd.m"; sourceTree = "<group>"; };
		7E19F8771EADFEAF00F05460 /* DLNetStatusView.h */ = {isa = PBXFileReference; fileEncoding = 4; lastKnownFileType = sourcecode.c.h; path = DLNetStatusView.h; sourceTree = "<group>"; };
		7E19F8781EADFEAF00F05460 /* DLNetStatusView.m */ = {isa = PBXFileReference; fileEncoding = 4; lastKnownFileType = sourcecode.c.objc; path = DLNetStatusView.m; sourceTree = "<group>"; };
		7E19F87A1EAE2EB900F05460 /* DLAddContactController.h */ = {isa = PBXFileReference; fileEncoding = 4; lastKnownFileType = sourcecode.c.h; path = DLAddContactController.h; sourceTree = "<group>"; };
		7E19F87B1EAE2EB900F05460 /* DLAddContactController.m */ = {isa = PBXFileReference; fileEncoding = 4; lastKnownFileType = sourcecode.c.objc; path = DLAddContactController.m; sourceTree = "<group>"; };
		7E19F87D1EAE3B7E00F05460 /* DLChatController.h */ = {isa = PBXFileReference; fileEncoding = 4; lastKnownFileType = sourcecode.c.h; path = DLChatController.h; sourceTree = "<group>"; };
		7E19F87E1EAE3B7E00F05460 /* DLChatController.m */ = {isa = PBXFileReference; fileEncoding = 4; lastKnownFileType = sourcecode.c.objc; path = DLChatController.m; sourceTree = "<group>"; };
		7E19F8801EAE3F8200F05460 /* DLConversationModel.h */ = {isa = PBXFileReference; fileEncoding = 4; lastKnownFileType = sourcecode.c.h; path = DLConversationModel.h; sourceTree = "<group>"; };
		7E19F8811EAE3F8200F05460 /* DLConversationModel.m */ = {isa = PBXFileReference; fileEncoding = 4; lastKnownFileType = sourcecode.c.objc; path = DLConversationModel.m; sourceTree = "<group>"; };
		7E19F8891EAF30DE00F05460 /* DLMessageModel.h */ = {isa = PBXFileReference; fileEncoding = 4; lastKnownFileType = sourcecode.c.h; path = DLMessageModel.h; sourceTree = "<group>"; };
		7E19F88A1EAF30DE00F05460 /* DLMessageModel.m */ = {isa = PBXFileReference; fileEncoding = 4; lastKnownFileType = sourcecode.c.objc; path = DLMessageModel.m; sourceTree = "<group>"; };
		7E19F88D1EAF868D00F05460 /* DLContactCell.h */ = {isa = PBXFileReference; fileEncoding = 4; lastKnownFileType = sourcecode.c.h; path = DLContactCell.h; sourceTree = "<group>"; };
		7E19F88E1EAF868D00F05460 /* DLContactCell.m */ = {isa = PBXFileReference; fileEncoding = 4; lastKnownFileType = sourcecode.c.objc; path = DLContactCell.m; sourceTree = "<group>"; };
		7E19F8901EAF8C5300F05460 /* DLContactSectionHeader.h */ = {isa = PBXFileReference; fileEncoding = 4; lastKnownFileType = sourcecode.c.h; path = DLContactSectionHeader.h; sourceTree = "<group>"; };
		7E19F8911EAF8C5300F05460 /* DLContactSectionHeader.m */ = {isa = PBXFileReference; fileEncoding = 4; lastKnownFileType = sourcecode.c.objc; path = DLContactSectionHeader.m; sourceTree = "<group>"; };
		7ED256691EA4E923007CB655 /* Dolores.app */ = {isa = PBXFileReference; explicitFileType = wrapper.application; includeInIndex = 0; path = Dolores.app; sourceTree = BUILT_PRODUCTS_DIR; };
		7ED2566D1EA4E923007CB655 /* main.m */ = {isa = PBXFileReference; lastKnownFileType = sourcecode.c.objc; path = main.m; sourceTree = "<group>"; };
		7ED2566F1EA4E923007CB655 /* AppDelegate.h */ = {isa = PBXFileReference; lastKnownFileType = sourcecode.c.h; path = AppDelegate.h; sourceTree = "<group>"; };
		7ED256701EA4E923007CB655 /* AppDelegate.m */ = {isa = PBXFileReference; lastKnownFileType = sourcecode.c.objc; path = AppDelegate.m; sourceTree = "<group>"; };
		7ED256781EA4E923007CB655 /* Assets.xcassets */ = {isa = PBXFileReference; lastKnownFileType = folder.assetcatalog; name = Assets.xcassets; path = ../Assets.xcassets; sourceTree = "<group>"; };
		7ED2567B1EA4E923007CB655 /* Base */ = {isa = PBXFileReference; lastKnownFileType = file.storyboard; name = Base; path = Base.lproj/LaunchScreen.storyboard; sourceTree = "<group>"; };
		7ED2567D1EA4E923007CB655 /* Info.plist */ = {isa = PBXFileReference; lastKnownFileType = text.plist.xml; path = Info.plist; sourceTree = "<group>"; };
		7ED2568E1EA5A39A007CB655 /* Dolores.pch */ = {isa = PBXFileReference; fileEncoding = 4; lastKnownFileType = sourcecode.c.h; path = Dolores.pch; sourceTree = "<group>"; };
		7ED2568F1EA5E559007CB655 /* CategoryHeader.h */ = {isa = PBXFileReference; fileEncoding = 4; lastKnownFileType = sourcecode.c.h; path = CategoryHeader.h; sourceTree = "<group>"; };
		7ED256961EA5E559007CB655 /* UIButton+Addition.h */ = {isa = PBXFileReference; fileEncoding = 4; lastKnownFileType = sourcecode.c.h; path = "UIButton+Addition.h"; sourceTree = "<group>"; };
		7ED256971EA5E559007CB655 /* UIButton+Addition.m */ = {isa = PBXFileReference; fileEncoding = 4; lastKnownFileType = sourcecode.c.objc; path = "UIButton+Addition.m"; sourceTree = "<group>"; };
		7ED2569A1EA5E559007CB655 /* UIImage+Addition.h */ = {isa = PBXFileReference; fileEncoding = 4; lastKnownFileType = sourcecode.c.h; path = "UIImage+Addition.h"; sourceTree = "<group>"; };
		7ED2569B1EA5E559007CB655 /* UIImage+Addition.m */ = {isa = PBXFileReference; fileEncoding = 4; lastKnownFileType = sourcecode.c.objc; path = "UIImage+Addition.m"; sourceTree = "<group>"; };
		7ED2569C1EA5E559007CB655 /* UILabel+Addition.h */ = {isa = PBXFileReference; fileEncoding = 4; lastKnownFileType = sourcecode.c.h; path = "UILabel+Addition.h"; sourceTree = "<group>"; };
		7ED2569D1EA5E559007CB655 /* UILabel+Addition.m */ = {isa = PBXFileReference; fileEncoding = 4; lastKnownFileType = sourcecode.c.objc; path = "UILabel+Addition.m"; sourceTree = "<group>"; };
		7ED2569E1EA5E559007CB655 /* UITableView+Addition.h */ = {isa = PBXFileReference; fileEncoding = 4; lastKnownFileType = sourcecode.c.h; path = "UITableView+Addition.h"; sourceTree = "<group>"; };
		7ED2569F1EA5E559007CB655 /* UITableView+Addition.m */ = {isa = PBXFileReference; fileEncoding = 4; lastKnownFileType = sourcecode.c.objc; path = "UITableView+Addition.m"; sourceTree = "<group>"; };
		7ED256A01EA5E559007CB655 /* UITableViewCell+Register.h */ = {isa = PBXFileReference; fileEncoding = 4; lastKnownFileType = sourcecode.c.h; path = "UITableViewCell+Register.h"; sourceTree = "<group>"; };
		7ED256A11EA5E559007CB655 /* UITableViewCell+Register.m */ = {isa = PBXFileReference; fileEncoding = 4; lastKnownFileType = sourcecode.c.objc; path = "UITableViewCell+Register.m"; sourceTree = "<group>"; };
		7ED256A21EA5E559007CB655 /* UITextField+Addition.h */ = {isa = PBXFileReference; fileEncoding = 4; lastKnownFileType = sourcecode.c.h; path = "UITextField+Addition.h"; sourceTree = "<group>"; };
		7ED256A31EA5E559007CB655 /* UITextField+Addition.m */ = {isa = PBXFileReference; fileEncoding = 4; lastKnownFileType = sourcecode.c.objc; path = "UITextField+Addition.m"; sourceTree = "<group>"; };
		7ED256AE1EA5E616007CB655 /* DateTools.bundle */ = {isa = PBXFileReference; lastKnownFileType = "wrapper.plug-in"; path = DateTools.bundle; sourceTree = "<group>"; };
		7ED256AF1EA5E616007CB655 /* DTConstants.h */ = {isa = PBXFileReference; fileEncoding = 4; lastKnownFileType = sourcecode.c.h; path = DTConstants.h; sourceTree = "<group>"; };
		7ED256B01EA5E616007CB655 /* DTConstants.m */ = {isa = PBXFileReference; fileEncoding = 4; lastKnownFileType = sourcecode.c.objc; path = DTConstants.m; sourceTree = "<group>"; };
		7ED256B11EA5E616007CB655 /* DTError.h */ = {isa = PBXFileReference; fileEncoding = 4; lastKnownFileType = sourcecode.c.h; path = DTError.h; sourceTree = "<group>"; };
		7ED256B21EA5E616007CB655 /* DTError.m */ = {isa = PBXFileReference; fileEncoding = 4; lastKnownFileType = sourcecode.c.objc; path = DTError.m; sourceTree = "<group>"; };
		7ED256B31EA5E616007CB655 /* NSDate+DateTools.h */ = {isa = PBXFileReference; fileEncoding = 4; lastKnownFileType = sourcecode.c.h; path = "NSDate+DateTools.h"; sourceTree = "<group>"; };
		7ED256B41EA5E616007CB655 /* NSDate+DateTools.m */ = {isa = PBXFileReference; fileEncoding = 4; lastKnownFileType = sourcecode.c.objc; path = "NSDate+DateTools.m"; sourceTree = "<group>"; };
		7ED256B91EA5E634007CB655 /* UIFont+Addition.h */ = {isa = PBXFileReference; fileEncoding = 4; lastKnownFileType = sourcecode.c.h; path = "UIFont+Addition.h"; sourceTree = "<group>"; };
		7ED256BA1EA5E634007CB655 /* UIFont+Addition.m */ = {isa = PBXFileReference; fileEncoding = 4; lastKnownFileType = sourcecode.c.objc; path = "UIFont+Addition.m"; sourceTree = "<group>"; };
		7ED256BC1EA5E72B007CB655 /* DefineMacro.h */ = {isa = PBXFileReference; fileEncoding = 4; lastKnownFileType = sourcecode.c.h; path = DefineMacro.h; sourceTree = "<group>"; };
		7ED256BD1EA5E743007CB655 /* EnumHeader.h */ = {isa = PBXFileReference; lastKnownFileType = sourcecode.c.h; path = EnumHeader.h; sourceTree = "<group>"; };
		7ED256BE1EA5E752007CB655 /* ProtocolHeader.h */ = {isa = PBXFileReference; lastKnownFileType = sourcecode.c.h; path = ProtocolHeader.h; sourceTree = "<group>"; };
		7ED256C01EA65A9E007CB655 /* DLConversationListController.h */ = {isa = PBXFileReference; fileEncoding = 4; lastKnownFileType = sourcecode.c.h; path = DLConversationListController.h; sourceTree = "<group>"; };
		7ED256C11EA65A9E007CB655 /* DLConversationListController.m */ = {isa = PBXFileReference; fileEncoding = 4; lastKnownFileType = sourcecode.c.objc; path = DLConversationListController.m; sourceTree = "<group>"; };
		7ED256C41EA65BB4007CB655 /* DLRootTabController.h */ = {isa = PBXFileReference; fileEncoding = 4; lastKnownFileType = sourcecode.c.h; path = DLRootTabController.h; sourceTree = "<group>"; };
		7ED256C51EA65BB4007CB655 /* DLRootTabController.m */ = {isa = PBXFileReference; fileEncoding = 4; lastKnownFileType = sourcecode.c.objc; path = DLRootTabController.m; sourceTree = "<group>"; };
		7ED256C71EA65C82007CB655 /* DLMineController.h */ = {isa = PBXFileReference; fileEncoding = 4; lastKnownFileType = sourcecode.c.h; path = DLMineController.h; sourceTree = "<group>"; };
		7ED256C81EA65C82007CB655 /* DLMineController.m */ = {isa = PBXFileReference; fileEncoding = 4; lastKnownFileType = sourcecode.c.objc; path = DLMineController.m; sourceTree = "<group>"; };
		7ED256CA1EA65D0A007CB655 /* DLContactListController.h */ = {isa = PBXFileReference; fileEncoding = 4; lastKnownFileType = sourcecode.c.h; path = DLContactListController.h; sourceTree = "<group>"; };
		7ED256CB1EA65D0A007CB655 /* DLContactListController.m */ = {isa = PBXFileReference; fileEncoding = 4; lastKnownFileType = sourcecode.c.objc; path = DLContactListController.m; sourceTree = "<group>"; };
		7ED256CD1EA65D88007CB655 /* DLBaseViewController.h */ = {isa = PBXFileReference; fileEncoding = 4; lastKnownFileType = sourcecode.c.h; path = DLBaseViewController.h; sourceTree = "<group>"; };
		7ED256CE1EA65D88007CB655 /* DLBaseViewController.m */ = {isa = PBXFileReference; fileEncoding = 4; lastKnownFileType = sourcecode.c.objc; path = DLBaseViewController.m; sourceTree = "<group>"; };
		7ED256D01EA6F170007CB655 /* NSUserDefaults+DLUser.h */ = {isa = PBXFileReference; fileEncoding = 4; lastKnownFileType = sourcecode.c.h; path = "NSUserDefaults+DLUser.h"; sourceTree = "<group>"; };
		7ED256D11EA6F170007CB655 /* NSUserDefaults+DLUser.m */ = {isa = PBXFileReference; fileEncoding = 4; lastKnownFileType = sourcecode.c.objc; path = "NSUserDefaults+DLUser.m"; sourceTree = "<group>"; };
		7ED256D41EA6F52F007CB655 /* UIFloatLabelTextField.h */ = {isa = PBXFileReference; fileEncoding = 4; lastKnownFileType = sourcecode.c.h; path = UIFloatLabelTextField.h; sourceTree = "<group>"; };
		7ED256D51EA6F52F007CB655 /* UIFloatLabelTextField.m */ = {isa = PBXFileReference; fileEncoding = 4; lastKnownFileType = sourcecode.c.objc; path = UIFloatLabelTextField.m; sourceTree = "<group>"; };
		B9F62CEB6D705374457FE907 /* libPods-Dolores.a */ = {isa = PBXFileReference; explicitFileType = archive.ar; includeInIndex = 0; path = "libPods-Dolores.a"; sourceTree = BUILT_PRODUCTS_DIR; };
/* End PBXFileReference section */

/* Begin PBXFrameworksBuildPhase section */
		7ED256661EA4E923007CB655 /* Frameworks */ = {
			isa = PBXFrameworksBuildPhase;
			buildActionMask = 2147483647;
			files = (
				3637B5AED29C731386D178D5 /* libPods-Dolores.a in Frameworks */,
			);
			runOnlyForDeploymentPostprocessing = 0;
		};
/* End PBXFrameworksBuildPhase section */

/* Begin PBXGroup section */
		2D143B9B221300464E827F18 /* Frameworks */ = {
			isa = PBXGroup;
			children = (
				B9F62CEB6D705374457FE907 /* libPods-Dolores.a */,
			);
			name = Frameworks;
			sourceTree = "<group>";
		};
		7E19F83B1EADA0BB00F05460 /* Login */ = {
			isa = PBXGroup;
			children = (
				7E19F83C1EADA0E800F05460 /* DLLoginController.h */,
				7E19F83D1EADA0E800F05460 /* DLLoginController.m */,
				7E19F83F1EADA0FC00F05460 /* DLRegisterController.h */,
				7E19F8401EADA0FC00F05460 /* DLRegisterController.m */,
			);
			path = Login;
			sourceTree = "<group>";
		};
		7E19F8681EADD83F00F05460 /* FDFullscreenPopGesture */ = {
			isa = PBXGroup;
			children = (
				7E19F8691EADD83F00F05460 /* UINavigationController+FDFullscreenPopGesture.h */,
				7E19F86A1EADD83F00F05460 /* UINavigationController+FDFullscreenPopGesture.m */,
			);
			path = FDFullscreenPopGesture;
			sourceTree = "<group>";
		};
		7E19F86F1EADE48300F05460 /* View */ = {
			isa = PBXGroup;
			children = (
				7E19F8701EADE4A000F05460 /* DLLogoutCell.h */,
				7E19F8711EADE4A000F05460 /* DLLogoutCell.m */,
			);
			path = View;
			sourceTree = "<group>";
		};
		7E19F8761EADFE9800F05460 /* View */ = {
			isa = PBXGroup;
			children = (
				7E19F8771EADFEAF00F05460 /* DLNetStatusView.h */,
				7E19F8781EADFEAF00F05460 /* DLNetStatusView.m */,
			);
			path = View;
			sourceTree = "<group>";
		};
		7E19F88C1EAF867B00F05460 /* View */ = {
			isa = PBXGroup;
			children = (
				7E19F88D1EAF868D00F05460 /* DLContactCell.h */,
				7E19F88E1EAF868D00F05460 /* DLContactCell.m */,
				7E19F8901EAF8C5300F05460 /* DLContactSectionHeader.h */,
				7E19F8911EAF8C5300F05460 /* DLContactSectionHeader.m */,
			);
			path = View;
			sourceTree = "<group>";
		};
		7ED256601EA4E923007CB655 = {
			isa = PBXGroup;
			children = (
				7ED2566B1EA4E923007CB655 /* Dolores */,
				7ED2566A1EA4E923007CB655 /* Products */,
				D3B09C54D58E167D0721F11C /* Pods */,
				2D143B9B221300464E827F18 /* Frameworks */,
			);
			sourceTree = "<group>";
		};
		7ED2566A1EA4E923007CB655 /* Products */ = {
			isa = PBXGroup;
			children = (
				7ED256691EA4E923007CB655 /* Dolores.app */,
			);
			name = Products;
			sourceTree = "<group>";
		};
		7ED2566B1EA4E923007CB655 /* Dolores */ = {
			isa = PBXGroup;
			children = (
				7ED256831EA5A2D4007CB655 /* Thirdparty */,
				7ED256841EA5A2D4007CB655 /* Feature */,
				7ED256871EA5A2D4007CB655 /* Model */,
				7ED256881EA5A2D4007CB655 /* Service */,
				7ED256891EA5A2D4007CB655 /* Tool */,
				7ED2568C1EA5A2FD007CB655 /* Resource */,
				7ED2568D1EA5A367007CB655 /* Header */,
				7ED2566F1EA4E923007CB655 /* AppDelegate.h */,
				7ED256701EA4E923007CB655 /* AppDelegate.m */,
				7ED2567A1EA4E923007CB655 /* LaunchScreen.storyboard */,
				7ED2567D1EA4E923007CB655 /* Info.plist */,
				7ED2566C1EA4E923007CB655 /* Supporting Files */,
			);
			path = Dolores;
			sourceTree = "<group>";
		};
		7ED2566C1EA4E923007CB655 /* Supporting Files */ = {
			isa = PBXGroup;
			children = (
				7ED2566D1EA4E923007CB655 /* main.m */,
			);
			name = "Supporting Files";
			sourceTree = "<group>";
		};
		7ED256831EA5A2D4007CB655 /* Thirdparty */ = {
			isa = PBXGroup;
			children = (
				7E19F8681EADD83F00F05460 /* FDFullscreenPopGesture */,
				7ED256D31EA6F52F007CB655 /* UIFloatLabelTextField */,
				7ED256AD1EA5E616007CB655 /* NSDateTools */,
			);
			name = Thirdparty;
			path = " Thirdparty";
			sourceTree = "<group>";
		};
		7ED256841EA5A2D4007CB655 /* Feature */ = {
			isa = PBXGroup;
			children = (
				7E19F83B1EADA0BB00F05460 /* Login */,
				7ED256C31EA65B8E007CB655 /* Friends */,
				7ED256BF1EA659BB007CB655 /* Root */,
				7ED256851EA5A2D4007CB655 /* Chat */,
				7ED256861EA5A2D4007CB655 /* User */,
			);
			path = Feature;
			sourceTree = "<group>";
		};
		7ED256851EA5A2D4007CB655 /* Chat */ = {
			isa = PBXGroup;
			children = (
				7E19F8761EADFE9800F05460 /* View */,
				7ED256C01EA65A9E007CB655 /* DLConversationListController.h */,
				7ED256C11EA65A9E007CB655 /* DLConversationListController.m */,
				7E19F87D1EAE3B7E00F05460 /* DLChatController.h */,
				7E19F87E1EAE3B7E00F05460 /* DLChatController.m */,
			);
			path = Chat;
			sourceTree = "<group>";
		};
		7ED256861EA5A2D4007CB655 /* User */ = {
			isa = PBXGroup;
			children = (
				7ED256C71EA65C82007CB655 /* DLMineController.h */,
				7ED256C81EA65C82007CB655 /* DLMineController.m */,
				7E19F86F1EADE48300F05460 /* View */,
			);
			path = User;
			sourceTree = "<group>";
		};
		7ED256871EA5A2D4007CB655 /* Model */ = {
			isa = PBXGroup;
			children = (
				7E19F8801EAE3F8200F05460 /* DLConversationModel.h */,
				7E19F8811EAE3F8200F05460 /* DLConversationModel.m */,
				7E19F8891EAF30DE00F05460 /* DLMessageModel.h */,
				7E19F88A1EAF30DE00F05460 /* DLMessageModel.m */,
			);
			path = Model;
			sourceTree = "<group>";
		};
		7ED256881EA5A2D4007CB655 /* Service */ = {
			isa = PBXGroup;
			children = (
			);
			path = Service;
			sourceTree = "<group>";
		};
		7ED256891EA5A2D4007CB655 /* Tool */ = {
			isa = PBXGroup;
			children = (
				7ED2568A1EA5A2D4007CB655 /* Category */,
				7ED2568B1EA5A2D4007CB655 /* CustomView */,
			);
			path = Tool;
			sourceTree = "<group>";
		};
		7ED2568A1EA5A2D4007CB655 /* Category */ = {
			isa = PBXGroup;
			children = (
				7ED2568F1EA5E559007CB655 /* CategoryHeader.h */,
				7ED256901EA5E559007CB655 /* Foundation */,
				7ED256951EA5E559007CB655 /* UIKit */,
			);
			path = Category;
			sourceTree = "<group>";
		};
		7ED2568B1EA5A2D4007CB655 /* CustomView */ = {
			isa = PBXGroup;
			children = (
			);
			path = CustomView;
			sourceTree = "<group>";
		};
		7ED2568C1EA5A2FD007CB655 /* Resource */ = {
			isa = PBXGroup;
			children = (
				7ED256781EA4E923007CB655 /* Assets.xcassets */,
			);
			path = Resource;
			sourceTree = "<group>";
		};
		7ED2568D1EA5A367007CB655 /* Header */ = {
			isa = PBXGroup;
			children = (
				7ED2568E1EA5A39A007CB655 /* Dolores.pch */,
				7ED256BC1EA5E72B007CB655 /* DefineMacro.h */,
				7ED256BD1EA5E743007CB655 /* EnumHeader.h */,
				7ED256BE1EA5E752007CB655 /* ProtocolHeader.h */,
			);
			path = Header;
			sourceTree = "<group>";
		};
		7ED256901EA5E559007CB655 /* Foundation */ = {
			isa = PBXGroup;
			children = (
				7ED256D01EA6F170007CB655 /* NSUserDefaults+DLUser.h */,
				7ED256D11EA6F170007CB655 /* NSUserDefaults+DLUser.m */,
			);
			path = Foundation;
			sourceTree = "<group>";
		};
		7ED256951EA5E559007CB655 /* UIKit */ = {
			isa = PBXGroup;
			children = (
				7E19F86C1EADD97100F05460 /* MBProgressHUD+VBAdd.h */,
				7E19F86D1EADD97100F05460 /* MBProgressHUD+VBAdd.m */,
				7ED256961EA5E559007CB655 /* UIButton+Addition.h */,
				7ED256971EA5E559007CB655 /* UIButton+Addition.m */,
				7ED2569A1EA5E559007CB655 /* UIImage+Addition.h */,
				7ED2569B1EA5E559007CB655 /* UIImage+Addition.m */,
				7ED2569C1EA5E559007CB655 /* UILabel+Addition.h */,
				7ED2569D1EA5E559007CB655 /* UILabel+Addition.m */,
				7ED2569E1EA5E559007CB655 /* UITableView+Addition.h */,
				7ED2569F1EA5E559007CB655 /* UITableView+Addition.m */,
				7ED256A01EA5E559007CB655 /* UITableViewCell+Register.h */,
				7ED256A11EA5E559007CB655 /* UITableViewCell+Register.m */,
				7ED256A21EA5E559007CB655 /* UITextField+Addition.h */,
				7ED256A31EA5E559007CB655 /* UITextField+Addition.m */,
				7ED256B91EA5E634007CB655 /* UIFont+Addition.h */,
				7ED256BA1EA5E634007CB655 /* UIFont+Addition.m */,
				7E19F8621EADCA9900F05460 /* UIBarButtonItem+DLAdd.h */,
				7E19F8631EADCA9900F05460 /* UIBarButtonItem+DLAdd.m */,
				7E19F8651EADD26500F05460 /* UIView+DLAdd.h */,
				7E19F8661EADD26500F05460 /* UIView+DLAdd.m */,
				7E19F8731EADE5D600F05460 /* UIColor+DLAdd.h */,
				7E19F8741EADE5D600F05460 /* UIColor+DLAdd.m */,
			);
			path = UIKit;
			sourceTree = "<group>";
		};
		7ED256AD1EA5E616007CB655 /* NSDateTools */ = {
			isa = PBXGroup;
			children = (
				7ED256AE1EA5E616007CB655 /* DateTools.bundle */,
				7ED256AF1EA5E616007CB655 /* DTConstants.h */,
				7ED256B01EA5E616007CB655 /* DTConstants.m */,
				7ED256B11EA5E616007CB655 /* DTError.h */,
				7ED256B21EA5E616007CB655 /* DTError.m */,
				7ED256B31EA5E616007CB655 /* NSDate+DateTools.h */,
				7ED256B41EA5E616007CB655 /* NSDate+DateTools.m */,
			);
			path = NSDateTools;
			sourceTree = "<group>";
		};
		7ED256BF1EA659BB007CB655 /* Root */ = {
			isa = PBXGroup;
			children = (
				7ED256C41EA65BB4007CB655 /* DLRootTabController.h */,
				7ED256C51EA65BB4007CB655 /* DLRootTabController.m */,
				7ED256CD1EA65D88007CB655 /* DLBaseViewController.h */,
				7ED256CE1EA65D88007CB655 /* DLBaseViewController.m */,
			);
			path = Root;
			sourceTree = "<group>";
		};
		7ED256C31EA65B8E007CB655 /* Friends */ = {
			isa = PBXGroup;
			children = (
				7E19F88C1EAF867B00F05460 /* View */,
				7ED256CA1EA65D0A007CB655 /* DLContactListController.h */,
				7ED256CB1EA65D0A007CB655 /* DLContactListController.m */,
				7E19F87A1EAE2EB900F05460 /* DLAddContactController.h */,
				7E19F87B1EAE2EB900F05460 /* DLAddContactController.m */,
			);
			path = Friends;
			sourceTree = "<group>";
		};
		7ED256D31EA6F52F007CB655 /* UIFloatLabelTextField */ = {
			isa = PBXGroup;
			children = (
				7ED256D41EA6F52F007CB655 /* UIFloatLabelTextField.h */,
				7ED256D51EA6F52F007CB655 /* UIFloatLabelTextField.m */,
			);
			path = UIFloatLabelTextField;
			sourceTree = "<group>";
		};
		D3B09C54D58E167D0721F11C /* Pods */ = {
			isa = PBXGroup;
			children = (
				68364FDFDA73B1383120CF88 /* Pods-Dolores.debug.xcconfig */,
				4B4F45CD6554AB06F89198FA /* Pods-Dolores.release.xcconfig */,
			);
			name = Pods;
			sourceTree = "<group>";
		};
/* End PBXGroup section */

/* Begin PBXNativeTarget section */
		7ED256681EA4E923007CB655 /* Dolores */ = {
			isa = PBXNativeTarget;
			buildConfigurationList = 7ED256801EA4E923007CB655 /* Build configuration list for PBXNativeTarget "Dolores" */;
			buildPhases = (
				130BFB9356A52759D38ACC1D /* [CP] Check Pods Manifest.lock */,
				7ED256651EA4E923007CB655 /* Sources */,
				7ED256661EA4E923007CB655 /* Frameworks */,
				7ED256671EA4E923007CB655 /* Resources */,
				F5E942985CA4EDE2EA6ED777 /* [CP] Embed Pods Frameworks */,
				3A31FB7ABB026081D4607E75 /* [CP] Copy Pods Resources */,
			);
			buildRules = (
			);
			dependencies = (
			);
			name = Dolores;
			productName = Dolores;
			productReference = 7ED256691EA4E923007CB655 /* Dolores.app */;
			productType = "com.apple.product-type.application";
		};
/* End PBXNativeTarget section */

/* Begin PBXProject section */
		7ED256611EA4E923007CB655 /* Project object */ = {
			isa = PBXProject;
			attributes = {
				CLASSPREFIX = DL;
				LastUpgradeCheck = 0830;
				ORGANIZATIONNAME = Dolores;
				TargetAttributes = {
					7ED256681EA4E923007CB655 = {
						CreatedOnToolsVersion = 8.3.1;
						ProvisioningStyle = Automatic;
					};
				};
			};
			buildConfigurationList = 7ED256641EA4E923007CB655 /* Build configuration list for PBXProject "Dolores" */;
			compatibilityVersion = "Xcode 3.2";
			developmentRegion = English;
			hasScannedForEncodings = 0;
			knownRegions = (
				en,
				Base,
			);
			mainGroup = 7ED256601EA4E923007CB655;
			productRefGroup = 7ED2566A1EA4E923007CB655 /* Products */;
			projectDirPath = "";
			projectRoot = "";
			targets = (
				7ED256681EA4E923007CB655 /* Dolores */,
			);
		};
/* End PBXProject section */

/* Begin PBXResourcesBuildPhase section */
		7ED256671EA4E923007CB655 /* Resources */ = {
			isa = PBXResourcesBuildPhase;
			buildActionMask = 2147483647;
			files = (
				7ED2567C1EA4E923007CB655 /* LaunchScreen.storyboard in Resources */,
				7ED256791EA4E923007CB655 /* Assets.xcassets in Resources */,
				7ED256B51EA5E616007CB655 /* DateTools.bundle in Resources */,
			);
			runOnlyForDeploymentPostprocessing = 0;
		};
/* End PBXResourcesBuildPhase section */

/* Begin PBXShellScriptBuildPhase section */
		130BFB9356A52759D38ACC1D /* [CP] Check Pods Manifest.lock */ = {
			isa = PBXShellScriptBuildPhase;
			buildActionMask = 2147483647;
			files = (
			);
			inputPaths = (
			);
			name = "[CP] Check Pods Manifest.lock";
			outputPaths = (
			);
			runOnlyForDeploymentPostprocessing = 0;
			shellPath = /bin/sh;
			shellScript = "diff \"${PODS_ROOT}/../Podfile.lock\" \"${PODS_ROOT}/Manifest.lock\" > /dev/null\nif [ $? != 0 ] ; then\n    # print error to STDERR\n    echo \"error: The sandbox is not in sync with the Podfile.lock. Run 'pod install' or update your CocoaPods installation.\" >&2\n    exit 1\nfi\n";
			showEnvVarsInLog = 0;
		};
		3A31FB7ABB026081D4607E75 /* [CP] Copy Pods Resources */ = {
			isa = PBXShellScriptBuildPhase;
			buildActionMask = 2147483647;
			files = (
			);
			inputPaths = (
			);
			name = "[CP] Copy Pods Resources";
			outputPaths = (
			);
			runOnlyForDeploymentPostprocessing = 0;
			shellPath = /bin/sh;
			shellScript = "\"${SRCROOT}/Pods/Target Support Files/Pods-Dolores/Pods-Dolores-resources.sh\"\n";
			showEnvVarsInLog = 0;
		};
		F5E942985CA4EDE2EA6ED777 /* [CP] Embed Pods Frameworks */ = {
			isa = PBXShellScriptBuildPhase;
			buildActionMask = 2147483647;
			files = (
			);
			inputPaths = (
			);
			name = "[CP] Embed Pods Frameworks";
			outputPaths = (
			);
			runOnlyForDeploymentPostprocessing = 0;
			shellPath = /bin/sh;
			shellScript = "\"${SRCROOT}/Pods/Target Support Files/Pods-Dolores/Pods-Dolores-frameworks.sh\"\n";
			showEnvVarsInLog = 0;
		};
/* End PBXShellScriptBuildPhase section */

/* Begin PBXSourcesBuildPhase section */
		7ED256651EA4E923007CB655 /* Sources */ = {
			isa = PBXSourcesBuildPhase;
			buildActionMask = 2147483647;
			files = (
				7ED256C21EA65A9E007CB655 /* DLConversationListController.m in Sources */,
				7ED256711EA4E923007CB655 /* AppDelegate.m in Sources */,
				7E19F8671EADD26500F05460 /* UIView+DLAdd.m in Sources */,
				7E19F8821EAE3F8200F05460 /* DLConversationModel.m in Sources */,
				7E19F87F1EAE3B7E00F05460 /* DLChatController.m in Sources */,
				7ED256AC1EA5E559007CB655 /* UITextField+Addition.m in Sources */,
				7ED256BB1EA5E634007CB655 /* UIFont+Addition.m in Sources */,
				7ED256CC1EA65D0A007CB655 /* DLContactListController.m in Sources */,
				7E19F88F1EAF868D00F05460 /* DLContactCell.m in Sources */,
				7E19F8411EADA0FC00F05460 /* DLRegisterController.m in Sources */,
				7E19F8751EADE5D600F05460 /* UIColor+DLAdd.m in Sources */,
				7ED256C61EA65BB4007CB655 /* DLRootTabController.m in Sources */,
				7E19F86E1EADD97100F05460 /* MBProgressHUD+VBAdd.m in Sources */,
				7ED2566E1EA4E923007CB655 /* main.m in Sources */,
				7ED256A81EA5E559007CB655 /* UIImage+Addition.m in Sources */,
				7ED256B61EA5E616007CB655 /* DTConstants.m in Sources */,
				7ED256B71EA5E616007CB655 /* DTError.m in Sources */,
				7E19F87C1EAE2EB900F05460 /* DLAddContactController.m in Sources */,
				7E19F88B1EAF30DE00F05460 /* DLMessageModel.m in Sources */,
				7ED256D21EA6F170007CB655 /* NSUserDefaults+DLUser.m in Sources */,
				7E19F83E1EADA0E800F05460 /* DLLoginController.m in Sources */,
				7ED256CF1EA65D88007CB655 /* DLBaseViewController.m in Sources */,
				7ED256C91EA65C82007CB655 /* DLMineController.m in Sources */,
				7E19F8921EAF8C5300F05460 /* DLContactSectionHeader.m in Sources */,
				7ED256AA1EA5E559007CB655 /* UITableView+Addition.m in Sources */,
				7ED256D61EA6F52F007CB655 /* UIFloatLabelTextField.m in Sources */,
				7E19F86B1EADD83F00F05460 /* UINavigationController+FDFullscreenPopGesture.m in Sources */,
				7ED256AB1EA5E559007CB655 /* UITableViewCell+Register.m in Sources */,
				7E19F8721EADE4A000F05460 /* DLLogoutCell.m in Sources */,
				7ED256A61EA5E559007CB655 /* UIButton+Addition.m in Sources */,
				7ED256B81EA5E616007CB655 /* NSDate+DateTools.m in Sources */,
				7E19F8641EADCA9900F05460 /* UIBarButtonItem+DLAdd.m in Sources */,
				7E19F8791EADFEAF00F05460 /* DLNetStatusView.m in Sources */,
				7ED256A91EA5E559007CB655 /* UILabel+Addition.m in Sources */,
			);
			runOnlyForDeploymentPostprocessing = 0;
		};
/* End PBXSourcesBuildPhase section */

/* Begin PBXVariantGroup section */
		7ED2567A1EA4E923007CB655 /* LaunchScreen.storyboard */ = {
			isa = PBXVariantGroup;
			children = (
				7ED2567B1EA4E923007CB655 /* Base */,
			);
			name = LaunchScreen.storyboard;
			sourceTree = "<group>";
		};
/* End PBXVariantGroup section */

/* Begin XCBuildConfiguration section */
		7ED2567E1EA4E923007CB655 /* Debug */ = {
			isa = XCBuildConfiguration;
			buildSettings = {
				ALWAYS_SEARCH_USER_PATHS = NO;
				CLANG_ANALYZER_NONNULL = YES;
				CLANG_ANALYZER_NUMBER_OBJECT_CONVERSION = YES_AGGRESSIVE;
				CLANG_CXX_LANGUAGE_STANDARD = "gnu++0x";
				CLANG_CXX_LIBRARY = "libc++";
				CLANG_ENABLE_MODULES = YES;
				CLANG_ENABLE_OBJC_ARC = YES;
				CLANG_WARN_BOOL_CONVERSION = YES;
				CLANG_WARN_CONSTANT_CONVERSION = YES;
				CLANG_WARN_DIRECT_OBJC_ISA_USAGE = YES_ERROR;
				CLANG_WARN_DOCUMENTATION_COMMENTS = YES;
				CLANG_WARN_EMPTY_BODY = YES;
				CLANG_WARN_ENUM_CONVERSION = YES;
				CLANG_WARN_INFINITE_RECURSION = YES;
				CLANG_WARN_INT_CONVERSION = YES;
				CLANG_WARN_OBJC_ROOT_CLASS = YES_ERROR;
				CLANG_WARN_SUSPICIOUS_MOVE = YES;
				CLANG_WARN_UNREACHABLE_CODE = YES;
				CLANG_WARN__DUPLICATE_METHOD_MATCH = YES;
				"CODE_SIGN_IDENTITY[sdk=iphoneos*]" = "iPhone Developer";
				COPY_PHASE_STRIP = NO;
				DEBUG_INFORMATION_FORMAT = dwarf;
				ENABLE_STRICT_OBJC_MSGSEND = YES;
				ENABLE_TESTABILITY = YES;
				GCC_C_LANGUAGE_STANDARD = gnu99;
				GCC_DYNAMIC_NO_PIC = NO;
				GCC_NO_COMMON_BLOCKS = YES;
				GCC_OPTIMIZATION_LEVEL = 0;
				GCC_PREPROCESSOR_DEFINITIONS = (
					"DEBUG=1",
					"$(inherited)",
				);
				GCC_WARN_64_TO_32_BIT_CONVERSION = YES;
				GCC_WARN_ABOUT_RETURN_TYPE = YES_ERROR;
				GCC_WARN_UNDECLARED_SELECTOR = YES;
				GCC_WARN_UNINITIALIZED_AUTOS = YES_AGGRESSIVE;
				GCC_WARN_UNUSED_FUNCTION = YES;
				GCC_WARN_UNUSED_VARIABLE = YES;
				IPHONEOS_DEPLOYMENT_TARGET = 10.3;
				MTL_ENABLE_DEBUG_INFO = YES;
				ONLY_ACTIVE_ARCH = YES;
				SDKROOT = iphoneos;
			};
			name = Debug;
		};
		7ED2567F1EA4E923007CB655 /* Release */ = {
			isa = XCBuildConfiguration;
			buildSettings = {
				ALWAYS_SEARCH_USER_PATHS = NO;
				CLANG_ANALYZER_NONNULL = YES;
				CLANG_ANALYZER_NUMBER_OBJECT_CONVERSION = YES_AGGRESSIVE;
				CLANG_CXX_LANGUAGE_STANDARD = "gnu++0x";
				CLANG_CXX_LIBRARY = "libc++";
				CLANG_ENABLE_MODULES = YES;
				CLANG_ENABLE_OBJC_ARC = YES;
				CLANG_WARN_BOOL_CONVERSION = YES;
				CLANG_WARN_CONSTANT_CONVERSION = YES;
				CLANG_WARN_DIRECT_OBJC_ISA_USAGE = YES_ERROR;
				CLANG_WARN_DOCUMENTATION_COMMENTS = YES;
				CLANG_WARN_EMPTY_BODY = YES;
				CLANG_WARN_ENUM_CONVERSION = YES;
				CLANG_WARN_INFINITE_RECURSION = YES;
				CLANG_WARN_INT_CONVERSION = YES;
				CLANG_WARN_OBJC_ROOT_CLASS = YES_ERROR;
				CLANG_WARN_SUSPICIOUS_MOVE = YES;
				CLANG_WARN_UNREACHABLE_CODE = YES;
				CLANG_WARN__DUPLICATE_METHOD_MATCH = YES;
				"CODE_SIGN_IDENTITY[sdk=iphoneos*]" = "iPhone Developer";
				COPY_PHASE_STRIP = NO;
				DEBUG_INFORMATION_FORMAT = "dwarf-with-dsym";
				ENABLE_NS_ASSERTIONS = NO;
				ENABLE_STRICT_OBJC_MSGSEND = YES;
				GCC_C_LANGUAGE_STANDARD = gnu99;
				GCC_NO_COMMON_BLOCKS = YES;
				GCC_WARN_64_TO_32_BIT_CONVERSION = YES;
				GCC_WARN_ABOUT_RETURN_TYPE = YES_ERROR;
				GCC_WARN_UNDECLARED_SELECTOR = YES;
				GCC_WARN_UNINITIALIZED_AUTOS = YES_AGGRESSIVE;
				GCC_WARN_UNUSED_FUNCTION = YES;
				GCC_WARN_UNUSED_VARIABLE = YES;
				IPHONEOS_DEPLOYMENT_TARGET = 10.3;
				MTL_ENABLE_DEBUG_INFO = NO;
				SDKROOT = iphoneos;
				VALIDATE_PRODUCT = YES;
			};
			name = Release;
		};
		7ED256811EA4E923007CB655 /* Debug */ = {
			isa = XCBuildConfiguration;
			baseConfigurationReference = 68364FDFDA73B1383120CF88 /* Pods-Dolores.debug.xcconfig */;
			buildSettings = {
				ASSETCATALOG_COMPILER_APPICON_NAME = AppIcon;
				DEVELOPMENT_TEAM = "";
				GCC_PRECOMPILE_PREFIX_HEADER = YES;
				GCC_PREFIX_HEADER = Dolores/Header/Dolores.pch;
				INFOPLIST_FILE = Dolores/Info.plist;
				LD_RUNPATH_SEARCH_PATHS = "$(inherited) @executable_path/Frameworks";
				PRODUCT_BUNDLE_IDENTIFIER = com.dolores.Dolores;
				PRODUCT_NAME = "$(TARGET_NAME)";
				WARNING_CFLAGS = "-Wno-documentation";
			};
			name = Debug;
		};
		7ED256821EA4E923007CB655 /* Release */ = {
			isa = XCBuildConfiguration;
			baseConfigurationReference = 4B4F45CD6554AB06F89198FA /* Pods-Dolores.release.xcconfig */;
			buildSettings = {
				ASSETCATALOG_COMPILER_APPICON_NAME = AppIcon;
				DEVELOPMENT_TEAM = "";
				GCC_PRECOMPILE_PREFIX_HEADER = YES;
				GCC_PREFIX_HEADER = Dolores/Header/Dolores.pch;
				INFOPLIST_FILE = Dolores/Info.plist;
				LD_RUNPATH_SEARCH_PATHS = "$(inherited) @executable_path/Frameworks";
				PRODUCT_BUNDLE_IDENTIFIER = com.dolores.Dolores;
				PRODUCT_NAME = "$(TARGET_NAME)";
				WARNING_CFLAGS = "-Wno-documentation";
			};
			name = Release;
		};
/* End XCBuildConfiguration section */

/* Begin XCConfigurationList section */
		7ED256641EA4E923007CB655 /* Build configuration list for PBXProject "Dolores" */ = {
			isa = XCConfigurationList;
			buildConfigurations = (
				7ED2567E1EA4E923007CB655 /* Debug */,
				7ED2567F1EA4E923007CB655 /* Release */,
			);
			defaultConfigurationIsVisible = 0;
			defaultConfigurationName = Release;
		};
		7ED256801EA4E923007CB655 /* Build configuration list for PBXNativeTarget "Dolores" */ = {
			isa = XCConfigurationList;
			buildConfigurations = (
				7ED256811EA4E923007CB655 /* Debug */,
				7ED256821EA4E923007CB655 /* Release */,
			);
			defaultConfigurationIsVisible = 0;
			defaultConfigurationName = Release;
		};
/* End XCConfigurationList section */
	};
	rootObject = 7ED256611EA4E923007CB655 /* Project object */;
}
